<?xml version="1.0" encoding="utf-8"?>
<Project ToolsVersion="4.0" xmlns="http://schemas.microsoft.com/developer/msbuild/2003">
  <ItemGroup>
    <Filter Include="소스 파일">
      <UniqueIdentifier>{4FC737F1-C7A5-4376-A066-2A32D752A2FF}</UniqueIdentifier>
      <Extensions>cpp;c;cc;cxx;c++;cppm;ixx;def;odl;idl;hpj;bat;asm;asmx</Extensions>
    </Filter>
    <Filter Include="헤더 파일">
      <UniqueIdentifier>{93995380-89BD-4b04-88EB-625FBE52EBFB}</UniqueIdentifier>
      <Extensions>h;hh;hpp;hxx;h++;hm;inl;inc;ipp;xsd</Extensions>
    </Filter>
    <Filter Include="리소스 파일">
      <UniqueIdentifier>{67DA6AB6-F800-4c08-8B7A-83BB121AAD01}</UniqueIdentifier>
      <Extensions>rc;ico;cur;bmp;dlg;rc2;rct;bin;rgs;gif;jpg;jpeg;jpe;resx;tiff;tif;png;wav;mfcribbon-ms</Extensions>
    </Filter>
    <Filter Include="02. Scene">
      <UniqueIdentifier>{cf56a2d4-123f-48b7-bc6b-aeafadf8c9b4}</UniqueIdentifier>
    </Filter>
    <Filter Include="03. GameObject">
      <UniqueIdentifier>{4a43c27d-b890-4c70-baf0-2f1902d8151a}</UniqueIdentifier>
    </Filter>
    <Filter Include="04. Setting">
      <UniqueIdentifier>{4a7300e7-484f-4a67-b633-58233b7c7d97}</UniqueIdentifier>
    </Filter>
    <Filter Include="03. GameObject\01. Player">
      <UniqueIdentifier>{627bc269-b71d-4d98-ac78-a89f507943d7}</UniqueIdentifier>
    </Filter>
    <Filter Include="03. GameObject\02. Monster">
      <UniqueIdentifier>{0b745307-dfa0-4a81-8505-460fe3873bbf}</UniqueIdentifier>
    </Filter>
    <Filter Include="03. GameObject\02. Monster\01. Robot">
      <UniqueIdentifier>{0768a420-4ac8-4564-8d58-aecc40bd7b64}</UniqueIdentifier>
    </Filter>
    <Filter Include="03. GameObject\02. Monster\02. Jellyfish">
      <UniqueIdentifier>{6825f287-f133-4f04-a963-368f9ca6553a}</UniqueIdentifier>
    </Filter>
    <Filter Include="03. GameObject\03. Objects">
      <UniqueIdentifier>{f5fa95c7-7f38-4a84-a613-6b711d87ef7c}</UniqueIdentifier>
    </Filter>
    <Filter Include="01. ClientManager">
      <UniqueIdentifier>{60c77d0c-a209-42db-8895-7bbf6c860a89}</UniqueIdentifier>
    </Filter>
    <Filter Include="05. UI">
      <UniqueIdentifier>{9871cd12-3f5e-498b-bc08-2d5c6b612a06}</UniqueIdentifier>
    </Filter>
    <Filter Include="06. AI">
      <UniqueIdentifier>{ff1b545e-c696-4e31-8b44-8fd233259ceb}</UniqueIdentifier>
    </Filter>
    <Filter Include="03. GameObject\02. Monster\03. Boss">
      <UniqueIdentifier>{b6580db6-2070-4b3b-b5f1-e9a1f7ef8d4a}</UniqueIdentifier>
    </Filter>
    <Filter Include="03. GameObject\02. Monster\01. Robot\01. Fodder">
      <UniqueIdentifier>{ec0543e7-a60c-4516-9805-c269d289cb06}</UniqueIdentifier>
    </Filter>
    <Filter Include="03. GameObject\02. Monster\01. Robot\02. Hammer">
      <UniqueIdentifier>{87457b6a-f1df-4b7a-b0b1-d6422b7e42e0}</UniqueIdentifier>
    </Filter>
    <Filter Include="03. GameObject\02. Monster\01. Robot\03. Duplicatotron">
      <UniqueIdentifier>{ac23f912-d5e7-4821-b632-97d0698d112b}</UniqueIdentifier>
    </Filter>
    <Filter Include="03. GameObject\03. Objects\01. BikiniBottom">
      <UniqueIdentifier>{62452a57-d132-421d-b502-d73ed6044621}</UniqueIdentifier>
    </Filter>
    <Filter Include="03. GameObject\03. Objects\02. JellyfishField">
      <UniqueIdentifier>{1b21c006-0727-4360-b2f3-b09111886b14}</UniqueIdentifier>
    </Filter>
    <Filter Include="03. GameObject\04. ETC">
      <UniqueIdentifier>{a898e103-04eb-4e22-835d-6b2185e62725}</UniqueIdentifier>
    </Filter>
    <Filter Include="03. GameObject\05. NPC">
      <UniqueIdentifier>{81876e0b-d6b2-4dbe-8883-0a4e7524e8ac}</UniqueIdentifier>
    </Filter>
    <Filter Include="05. UI\01. RapidXml">
      <UniqueIdentifier>{69406c1d-d747-4da3-b410-f4619b65d3fc}</UniqueIdentifier>
    </Filter>
  </ItemGroup>
  <ItemGroup>
    <ClCompile Include="main.cpp">
      <Filter>소스 파일</Filter>
    </ClCompile>
    <ClCompile Include="Client3DManager.cpp">
      <Filter>01. ClientManager</Filter>
    </ClCompile>
    <ClCompile Include="Scene\MainSceneInfo.cpp">
      <Filter>02. Scene</Filter>
    </ClCompile>
    <ClCompile Include="Setting\EngineShareSetting.cpp">
      <Filter>04. Setting</Filter>
    </ClCompile>
    <ClCompile Include="Setting\DefaultSetting.cpp">
      <Filter>04. Setting</Filter>
    </ClCompile>
    <ClCompile Include="GameObject\Monster.cpp">
      <Filter>03. GameObject\02. Monster</Filter>
    </ClCompile>
    <ClCompile Include="GameObject\Player.cpp">
      <Filter>03. GameObject\01. Player</Filter>
    </ClCompile>
    <ClCompile Include="GameObject\Jellyfish.cpp">
      <Filter>03. GameObject\02. Monster\02. Jellyfish</Filter>
    </ClCompile>
    <ClCompile Include="UI\PauseUI.cpp">
      <Filter>05. UI</Filter>
    </ClCompile>
    <ClCompile Include="UI\PlayerUI.cpp">
      <Filter>05. UI</Filter>
    </ClCompile>
    <ClCompile Include="UI\StartSceneUI.cpp">
      <Filter>05. UI</Filter>
    </ClCompile>
    <ClCompile Include="UI\TitleSceneUI.cpp">
      <Filter>05. UI</Filter>
    </ClCompile>
    <ClCompile Include="UI\LoadingUI.cpp">
      <Filter>05. UI</Filter>
    </ClCompile>
    <ClCompile Include="GameObject\AI\CompositeNode.cpp">
      <Filter>06. AI</Filter>
    </ClCompile>
    <ClCompile Include="GameObject\AI\Node.cpp">
      <Filter>06. AI</Filter>
    </ClCompile>
    <ClCompile Include="GameObject\AI\Selector.cpp">
      <Filter>06. AI</Filter>
    </ClCompile>
    <ClCompile Include="GameObject\AI\Sequence.cpp">
      <Filter>06. AI</Filter>
    </ClCompile>
    <ClCompile Include="Scene\TitleSceneInfo.cpp">
      <Filter>02. Scene</Filter>
    </ClCompile>
    <ClCompile Include="Scene\LoadingSceneInfo.cpp">
      <Filter>02. Scene</Filter>
    </ClCompile>
    <ClCompile Include="GameObject\KingJellyfish.cpp">
      <Filter>03. GameObject\02. Monster\03. Boss</Filter>
    </ClCompile>
    <ClCompile Include="GameObject\Duplicatotron.cpp">
      <Filter>03. GameObject\02. Monster\01. Robot\03. Duplicatotron</Filter>
    </ClCompile>
    <ClCompile Include="GameObject\Fodder.cpp">
      <Filter>03. GameObject\02. Monster\01. Robot\01. Fodder</Filter>
    </ClCompile>
    <ClCompile Include="GameObject\Hammer.cpp">
      <Filter>03. GameObject\02. Monster\01. Robot\02. Hammer</Filter>
    </ClCompile>
    <ClCompile Include="GameObject\BikiniBottomBuildings.cpp">
      <Filter>03. GameObject\03. Objects\01. BikiniBottom</Filter>
    </ClCompile>
    <ClCompile Include="GameObject\JellyfishField.cpp">
      <Filter>03. GameObject\03. Objects\02. JellyfishField</Filter>
    </ClCompile>
    <ClCompile Include="GameObject\Weapon.cpp">
      <Filter>03. GameObject\04. ETC</Filter>
    </ClCompile>
    <ClCompile Include="GameObject\Bullet.cpp">
      <Filter>03. GameObject\04. ETC</Filter>
    </ClCompile>
    <ClCompile Include="Scene\JellyfishFieldSceneInfo.cpp">
      <Filter>02. Scene</Filter>
    </ClCompile>
    <ClCompile Include="GameObject\FodderBT.cpp">
      <Filter>03. GameObject\02. Monster\01. Robot\01. Fodder</Filter>
    </ClCompile>
    <ClCompile Include="GameObject\HammerBT.cpp">
      <Filter>03. GameObject\02. Monster\01. Robot\02. Hammer</Filter>
    </ClCompile>
    <ClCompile Include="GameObject\Chase.cpp">
      <Filter>03. GameObject\02. Monster\01. Robot</Filter>
    </ClCompile>
    <ClCompile Include="GameObject\Dead.cpp">
      <Filter>03. GameObject\02. Monster\01. Robot</Filter>
    </ClCompile>
    <ClCompile Include="GameObject\Attack.cpp">
      <Filter>03. GameObject\02. Monster\01. Robot</Filter>
    </ClCompile>
    <ClCompile Include="GameObject\Walk.cpp">
      <Filter>03. GameObject\02. Monster\01. Robot</Filter>
    </ClCompile>
    <ClCompile Include="GameObject\TeeterRock.cpp">
      <Filter>03. GameObject\03. Objects\02. JellyfishField</Filter>
    </ClCompile>
    <ClCompile Include="Scene\TestSceneInfo.cpp">
      <Filter>02. Scene</Filter>
    </ClCompile>
    <ClCompile Include="GameObject\Npc\MrKrabs.cpp">
      <Filter>03. GameObject\05. NPC</Filter>
    </ClCompile>
    <ClCompile Include="GameObject\Npc\Patric.cpp">
      <Filter>03. GameObject\05. NPC</Filter>
    </ClCompile>
    <ClCompile Include="GameObject\Npc\Squidward.cpp">
      <Filter>03. GameObject\05. NPC</Filter>
    </ClCompile>
    <ClCompile Include="GameObject\Npc\TaxiDriver.cpp">
      <Filter>03. GameObject\05. NPC</Filter>
    </ClCompile>
    <ClCompile Include="UI\RapidXml\CXmlParser.cpp">
      <Filter>05. UI\01. RapidXml</Filter>
    </ClCompile>
    <ClCompile Include="UI\DialogUI.cpp">
      <Filter>05. UI</Filter>
    </ClCompile>
  </ItemGroup>
  <ItemGroup>
    <ClInclude Include="resource.h">
      <Filter>헤더 파일</Filter>
    </ClInclude>
    <ClInclude Include="Client3D.h">
      <Filter>헤더 파일</Filter>
    </ClInclude>
    <ClInclude Include="Client3DManager.h">
      <Filter>01. ClientManager</Filter>
    </ClInclude>
    <ClInclude Include="Scene\MainSceneInfo.h">
      <Filter>02. Scene</Filter>
    </ClInclude>
    <ClInclude Include="Setting\EngineShareSetting.h">
      <Filter>04. Setting</Filter>
    </ClInclude>
    <ClInclude Include="Setting\DefaultSetting.h">
      <Filter>04. Setting</Filter>
    </ClInclude>
    <ClInclude Include="GameObject\Monster.h">
      <Filter>03. GameObject\02. Monster</Filter>
    </ClInclude>
    <ClInclude Include="GameObject\Player.h">
      <Filter>03. GameObject\01. Player</Filter>
    </ClInclude>
    <ClInclude Include="GameObject\Jellyfish.h">
      <Filter>03. GameObject\02. Monster\02. Jellyfish</Filter>
    </ClInclude>
    <ClInclude Include="UI\PauseUI.h">
      <Filter>05. UI</Filter>
    </ClInclude>
    <ClInclude Include="UI\PlayerUI.h">
      <Filter>05. UI</Filter>
    </ClInclude>
    <ClInclude Include="UI\StartSceneUI.h">
      <Filter>05. UI</Filter>
    </ClInclude>
    <ClInclude Include="UI\TitleSceneUI.h">
      <Filter>05. UI</Filter>
    </ClInclude>
    <ClInclude Include="UI\LoadingUI.h">
      <Filter>05. UI</Filter>
    </ClInclude>
    <ClInclude Include="GameObject\AI\CompositeNode.h">
      <Filter>06. AI</Filter>
    </ClInclude>
    <ClInclude Include="GameObject\AI\Node.h">
      <Filter>06. AI</Filter>
    </ClInclude>
    <ClInclude Include="GameObject\AI\Selector.h">
      <Filter>06. AI</Filter>
    </ClInclude>
    <ClInclude Include="GameObject\AI\Sequence.h">
      <Filter>06. AI</Filter>
    </ClInclude>
    <ClInclude Include="Scene\TitleSceneInfo.h">
      <Filter>02. Scene</Filter>
    </ClInclude>
    <ClInclude Include="Scene\LoadingSceneInfo.h">
      <Filter>02. Scene</Filter>
    </ClInclude>
    <ClInclude Include="GameObject\KingJellyfish.h">
      <Filter>03. GameObject\02. Monster\03. Boss</Filter>
    </ClInclude>
    <ClInclude Include="GameObject\Fodder.h">
      <Filter>03. GameObject\02. Monster\01. Robot\01. Fodder</Filter>
    </ClInclude>
    <ClInclude Include="GameObject\Duplicatotron.h">
      <Filter>03. GameObject\02. Monster\01. Robot\03. Duplicatotron</Filter>
    </ClInclude>
    <ClInclude Include="GameObject\Hammer.h">
      <Filter>03. GameObject\02. Monster\01. Robot\02. Hammer</Filter>
    </ClInclude>
    <ClInclude Include="GameObject\BikiniBottomBuildings.h">
      <Filter>03. GameObject\03. Objects\01. BikiniBottom</Filter>
    </ClInclude>
    <ClInclude Include="GameObject\JellyfishField.h">
      <Filter>03. GameObject\03. Objects\02. JellyfishField</Filter>
    </ClInclude>
    <ClInclude Include="GameObject\Weapon.h">
      <Filter>03. GameObject\04. ETC</Filter>
    </ClInclude>
    <ClInclude Include="GameObject\Bullet.h">
      <Filter>03. GameObject\04. ETC</Filter>
    </ClInclude>
    <ClInclude Include="Scene\JellyfishFieldSceneInfo.h">
      <Filter>02. Scene</Filter>
    </ClInclude>
    <ClInclude Include="GameObject\FodderBT.h">
      <Filter>03. GameObject\02. Monster\01. Robot\01. Fodder</Filter>
    </ClInclude>
    <ClInclude Include="GameObject\HammerBT.h">
      <Filter>03. GameObject\02. Monster\01. Robot\02. Hammer</Filter>
    </ClInclude>
    <ClInclude Include="GameObject\Chase.h">
      <Filter>03. GameObject\02. Monster\01. Robot</Filter>
    </ClInclude>
    <ClInclude Include="GameObject\Dead.h">
      <Filter>03. GameObject\02. Monster\01. Robot</Filter>
    </ClInclude>
    <ClInclude Include="GameObject\Attack.h">
      <Filter>03. GameObject\02. Monster\01. Robot</Filter>
    </ClInclude>
    <ClInclude Include="GameObject\Walk.h">
      <Filter>03. GameObject\02. Monster\01. Robot</Filter>
    </ClInclude>
    <ClInclude Include="GameObject\TeeterRock.h">
      <Filter>03. GameObject\03. Objects\02. JellyfishField</Filter>
    </ClInclude>
    <ClInclude Include="Scene\TestSceneInfo.h">
      <Filter>02. Scene</Filter>
    </ClInclude>
    <ClInclude Include="GameObject\Npc\MrKrabs.h">
      <Filter>03. GameObject\05. NPC</Filter>
    </ClInclude>
    <ClInclude Include="GameObject\Npc\Patric.h">
      <Filter>03. GameObject\05. NPC</Filter>
    </ClInclude>
    <ClInclude Include="GameObject\Npc\Squidward.h">
      <Filter>03. GameObject\05. NPC</Filter>
    </ClInclude>
    <ClInclude Include="GameObject\Npc\TaxiDriver.h">
      <Filter>03. GameObject\05. NPC</Filter>
    </ClInclude>
    <ClInclude Include="UI\RapidXml\CXmlParser.h">
      <Filter>05. UI\01. RapidXml</Filter>
    </ClInclude>
    <ClInclude Include="UI\RapidXml\rapidxml.hpp">
      <Filter>05. UI\01. RapidXml</Filter>
    </ClInclude>
    <ClInclude Include="UI\RapidXml\rapidxml_iterators.hpp">
      <Filter>05. UI\01. RapidXml</Filter>
    </ClInclude>
    <ClInclude Include="UI\RapidXml\rapidxml_print.hpp">
      <Filter>05. UI\01. RapidXml</Filter>
    </ClInclude>
    <ClInclude Include="UI\RapidXml\rapidxml_utils.hpp">
      <Filter>05. UI\01. RapidXml</Filter>
    </ClInclude>
    <ClInclude Include="UI\DialogUI.h">
      <Filter>05. UI</Filter>
    </ClInclude>
  </ItemGroup>
  <ItemGroup>
    <ResourceCompile Include="Client3D.rc">
      <Filter>리소스 파일</Filter>
    </ResourceCompile>
  </ItemGroup>
  <ItemGroup>
    <Image Include="icon1.ico">
      <Filter>리소스 파일</Filter>
    </Image>
  </ItemGroup>
</Project>