<?xml version="1.0" encoding="utf-8"?>
<Project ToolsVersion="4.0" xmlns="http://schemas.microsoft.com/developer/msbuild/2003">
  <ItemGroup>
    <ClCompile Include="EditorManager.cpp" />
    <ClCompile Include="GameObject\Bullet.cpp" />
    <ClCompile Include="GameObject\Duplicatotron.cpp" />
    <ClCompile Include="GameObject\Fodder.cpp" />
    <ClCompile Include="GameObject\Monster.cpp" />
    <ClCompile Include="GameObject\Player.cpp" />
    <ClCompile Include="GameObject\Weapon.cpp" />
    <ClCompile Include="main.cpp" />
    <ClCompile Include="Scene\EditorDefaultScene.cpp" />
    <ClCompile Include="Scene\LoadingSceneInfo.cpp" />
    <ClCompile Include="Setting\DefaultSetting.cpp" />
    <ClCompile Include="Setting\EngineShareSetting.cpp" />
    <ClCompile Include="UI\LoadingUI.cpp" />
    <ClCompile Include="UI\StartSceneUI.cpp" />
    <ClCompile Include="Window\Animation3DWindow.cpp" />
    <ClCompile Include="Window\CameraWindow.cpp" />
    <ClCompile Include="Window\ClassWindow.cpp" />
    <ClCompile Include="Window\ComponentWindow.cpp" />
    <ClCompile Include="Window\DetailWindow.cpp" />
    <ClCompile Include="Window\DetailWindow\CameraWidgetList.cpp" />
    <ClCompile Include="Window\DetailWindow\ComponentWidgetList.cpp" />
    <ClCompile Include="Window\DetailWindow\PrimitiveWidgetList.cpp" />
    <ClCompile Include="Window\DetailWindow\SceneComponentWidgetList.cpp" />
    <ClCompile Include="Window\DetailWindow\SpriteComponentWidgetList.cpp" />
    <ClCompile Include="Window\DetailWindow\TargetArmWidgetList.cpp" />
    <ClCompile Include="Window\DetailWindow\TileMapWidgetList.cpp" />
    <ClCompile Include="Window\FBXWindow.cpp" />
    <ClCompile Include="Window\LightWindow.cpp" />
    <ClCompile Include="Window\MeshWindow.cpp" />
    <ClCompile Include="Window\ObjectWindow.cpp" />
    <ClCompile Include="Window\ParticleWindow.cpp" />
    <ClCompile Include="Window\PathWindow.cpp" />
    <ClCompile Include="Window\ResourceWindow.cpp" />
    <ClCompile Include="Window\RigidBodyWindow.cpp" />
    <ClCompile Include="Window\SceneWindow.cpp" />
    <ClCompile Include="Window\TargetArmWindow.cpp" />
    <ClCompile Include="Window\TerrainWindow.cpp" />
    <ClCompile Include="Window\TransformWindow.cpp" />
    <ClCompile Include="Window\UIButtonWindow.cpp" />
    <ClCompile Include="Window\UIImageWindow.cpp" />
    <ClCompile Include="Window\UINumberWindow.cpp" />
    <ClCompile Include="Window\UIProgressBarWindow.cpp" />
    <ClCompile Include="Window\UITextWindow.cpp" />
    <ClCompile Include="Window\MaterialWindow.cpp" />
  </ItemGroup>
  <ItemGroup>
    <ClInclude Include="Editor.h" />
    <ClInclude Include="EditorManager.h" />
    <ClInclude Include="GameObject\Bullet.h" />
    <ClInclude Include="GameObject\Duplicatotron.h" />
    <ClInclude Include="GameObject\Fodder.h" />
    <ClInclude Include="GameObject\Monster.h" />
    <ClInclude Include="GameObject\Player.h" />
    <ClInclude Include="GameObject\Weapon.h" />
    <ClInclude Include="resource.h" />
    <ClInclude Include="Scene\EditorDefaultScene.h" />
    <ClInclude Include="Scene\LoadingSceneInfo.h" />
    <ClInclude Include="Setting\DefaultSetting.h" />
    <ClInclude Include="Setting\EngineShareSetting.h" />
    <ClInclude Include="UI\LoadingUI.h" />
    <ClInclude Include="UI\StartSceneUI.h" />
    <ClInclude Include="Window\Animation3DWindow.h" />
    <ClInclude Include="Window\CameraWindow.h" />
    <ClInclude Include="Window\ClassWindow.h" />
    <ClInclude Include="Window\ComponentWindow.h" />
    <ClInclude Include="Window\DetailWindow.h" />
    <ClInclude Include="Window\DetailWindow\CameraWidgetList.h" />
    <ClInclude Include="Window\DetailWindow\ComponentWidgetList.h" />
    <ClInclude Include="Window\DetailWindow\PrimitiveWidgetList.h" />
    <ClInclude Include="Window\DetailWindow\SceneComponentWidgetList.h" />
    <ClInclude Include="Window\DetailWindow\SpriteComponentWidgetList.h" />
    <ClInclude Include="Window\DetailWindow\TargetArmWidgetList.h" />
    <ClInclude Include="Window\DetailWindow\TileMapWidgetList.h" />
    <ClInclude Include="Window\FBXWindow.h" />
    <ClInclude Include="Window\LightWindow.h" />
    <ClInclude Include="Window\MeshWindow.h" />
    <ClInclude Include="Window\ObjectWindow.h" />
    <ClInclude Include="Window\ParticleWindow.h" />
    <ClInclude Include="Window\PathWindow.h" />
    <ClInclude Include="Window\ResourceWindow.h" />
    <ClInclude Include="Window\RigidBodyWindow.h" />
    <ClInclude Include="Window\SceneWindow.h" />
    <ClInclude Include="Window\TargetArmWindow.h" />
    <ClInclude Include="Window\TerrainWindow.h" />
    <ClInclude Include="Window\TransformWindow.h" />
    <ClInclude Include="Window\UIButtonWindow.h" />
    <ClInclude Include="Window\UIImageWindow.h" />
    <ClInclude Include="Window\UINumberWindow.h" />
    <ClInclude Include="Window\UIProgressBarWindow.h" />
    <ClInclude Include="Window\UITextWindow.h" />
    <ClInclude Include="Window\MaterialWindow.h" />
  </ItemGroup>
  <ItemGroup>
    <ResourceCompile Include="AR41Editor.rc" />
  </ItemGroup>
  <ItemGroup>
    <Image Include="..\Bin\SponegeBob.ico" />
  </ItemGroup>
</Project>