<?xml version="1.0" encoding="utf-8"?>
<Project ToolsVersion="4.0" xmlns="http://schemas.microsoft.com/developer/msbuild/2003">
  <ItemGroup>
    <Filter Include="소스 파일">
      <UniqueIdentifier>{4FC737F1-C7A5-4376-A066-2A32D752A2FF}</UniqueIdentifier>
      <Extensions>cpp;c;cc;cxx;c++;cppm;ixx;def;odl;idl;hpj;bat;asm;asmx</Extensions>
    </Filter>
    <Filter Include="헤더 파일">
      <UniqueIdentifier>{93995380-89BD-4b04-88EB-625FBE52EBFB}</UniqueIdentifier>
      <Extensions>h;hh;hpp;hxx;h++;hm;inl;inc;ipp;xsd</Extensions>
    </Filter>
    <Filter Include="리소스 파일">
      <UniqueIdentifier>{67DA6AB6-F800-4c08-8B7A-83BB121AAD01}</UniqueIdentifier>
      <Extensions>rc;ico;cur;bmp;dlg;rc2;rct;bin;rgs;gif;jpg;jpeg;jpe;resx;tiff;tif;png;wav;mfcribbon-ms</Extensions>
    </Filter>
    <Filter Include="01. Manager">
      <UniqueIdentifier>{1d53afcd-960e-42d4-bd09-461af7c769d5}</UniqueIdentifier>
    </Filter>
    <Filter Include="02. Scene">
      <UniqueIdentifier>{0d196171-2750-46b1-9bf2-9da0e6728250}</UniqueIdentifier>
    </Filter>
    <Filter Include="03. GameObject">
      <UniqueIdentifier>{7c74f8b1-ed6d-4509-9bc0-2cb056d14767}</UniqueIdentifier>
    </Filter>
    <Filter Include="03. GameObject\01. Player">
      <UniqueIdentifier>{c753723e-058d-4d6a-822e-8ebc2b1fc30c}</UniqueIdentifier>
    </Filter>
    <Filter Include="03. GameObject\02. Monster">
      <UniqueIdentifier>{7c49aa3c-3c6a-417d-a284-9052b5015671}</UniqueIdentifier>
    </Filter>
    <Filter Include="03. GameObject\02. Monster\01. Robot">
      <UniqueIdentifier>{65200d44-150f-4dd2-87b9-b0289f9aed8f}</UniqueIdentifier>
    </Filter>
    <Filter Include="03. GameObject\02. Monster\02. Jellyfish">
      <UniqueIdentifier>{a8140203-fe90-48df-a5b0-62a050610f02}</UniqueIdentifier>
    </Filter>
    <Filter Include="03. GameObject\05. Npc">
      <UniqueIdentifier>{0c06df95-d494-4ef4-bf6f-05d0aede3f24}</UniqueIdentifier>
    </Filter>
    <Filter Include="04. Setting">
      <UniqueIdentifier>{5373fe42-9540-476c-a68c-ce9ba82cc5d6}</UniqueIdentifier>
    </Filter>
    <Filter Include="03. GameObject\03. BossMonster">
      <UniqueIdentifier>{b2e55efa-50a9-4c34-961c-3aa28f1cc7aa}</UniqueIdentifier>
    </Filter>
    <Filter Include="03. GameObject\03. BossMonster\01. KingJellyfish">
      <UniqueIdentifier>{ab6fe657-54fc-42e3-ba51-8ce7d9382281}</UniqueIdentifier>
    </Filter>
    <Filter Include="03. GameObject\03. BossMonster\02. RoboSponge">
      <UniqueIdentifier>{1f4089af-6983-46bc-85ca-02bf0bc8389f}</UniqueIdentifier>
    </Filter>
    <Filter Include="03. GameObject\05. Npc\01. AnimNpc">
      <UniqueIdentifier>{9394a4b8-f90d-4977-99db-6eebab00f007}</UniqueIdentifier>
    </Filter>
    <Filter Include="03. GameObject\05. Npc\02. StaticNpc">
      <UniqueIdentifier>{cc67de14-98ca-455f-a2a3-15d057fb3884}</UniqueIdentifier>
    </Filter>
    <Filter Include="05. UI">
      <UniqueIdentifier>{19b803cc-e2b6-48d4-b19b-54eb6da35801}</UniqueIdentifier>
    </Filter>
    <Filter Include="05. UI\02. InGame">
      <UniqueIdentifier>{df87638b-bfa1-4d9c-a1dd-fb940bb68198}</UniqueIdentifier>
    </Filter>
    <Filter Include="05. UI\02. InGame\RapidXml">
      <UniqueIdentifier>{994c5b32-6590-4b21-89c2-e8c932fd0e17}</UniqueIdentifier>
    </Filter>
    <Filter Include="05. UI\02. InGame\RapidXml\Code">
      <UniqueIdentifier>{c5272f3d-c99f-4607-b1b7-0b21cbfe0f6a}</UniqueIdentifier>
    </Filter>
    <Filter Include="05. UI\01. Menu">
      <UniqueIdentifier>{2cc64f17-0c0d-4ba7-99bd-1765ff3ecbcd}</UniqueIdentifier>
    </Filter>
    <Filter Include="05. UI\03. Etc">
      <UniqueIdentifier>{18eaeeff-c370-4d9b-b861-bb914aa8c563}</UniqueIdentifier>
    </Filter>
    <Filter Include="03. GameObject\04. Object">
      <UniqueIdentifier>{f96bf854-730d-4e00-9212-4c101327c8d3}</UniqueIdentifier>
    </Filter>
    <Filter Include="03. GameObject\04. Object\01. Common">
      <UniqueIdentifier>{fd332a50-280d-42fd-9107-333a35047890}</UniqueIdentifier>
    </Filter>
    <Filter Include="03. GameObject\04. Object\02. BikiniBottom">
      <UniqueIdentifier>{aa944ca2-2601-4ed2-80c6-571176bb3712}</UniqueIdentifier>
    </Filter>
    <Filter Include="03. GameObject\04. Object\04. ChumBucketLab">
      <UniqueIdentifier>{5891f3ae-91a5-4af7-93cb-c3f95884b7de}</UniqueIdentifier>
    </Filter>
    <Filter Include="03. GameObject\04. Object\03. JellyFishField">
      <UniqueIdentifier>{fa8205d8-79b0-49de-b69a-1c2c8c2ed4f5}</UniqueIdentifier>
    </Filter>
    <Filter Include="03. GameObject\04. Object\04. ChumBucketLab\01. CB">
      <UniqueIdentifier>{c6f4f523-1e72-49f0-bcec-12dbdcd681ae}</UniqueIdentifier>
    </Filter>
    <Filter Include="03. GameObject\04. Object\04. ChumBucketLab\02. CBL">
      <UniqueIdentifier>{7bf0c7ed-6df5-4ac1-8495-d0fda8de71fd}</UniqueIdentifier>
    </Filter>
    <Filter Include="02. Scene\01. Menu, Title">
      <UniqueIdentifier>{81a842c6-28ed-4630-8105-16e17ee857e5}</UniqueIdentifier>
    </Filter>
    <Filter Include="06. AI">
      <UniqueIdentifier>{464b180e-0795-495d-92ad-11b697629cec}</UniqueIdentifier>
    </Filter>
    <Filter Include="02. Scene\02. BikiniBottom">
      <UniqueIdentifier>{b8474b83-7dfd-4260-b277-3340485930ed}</UniqueIdentifier>
    </Filter>
    <Filter Include="02. Scene\03. JellyFishField">
      <UniqueIdentifier>{6fac8cf9-7fad-48ff-943a-c9af41903969}</UniqueIdentifier>
    </Filter>
    <Filter Include="02. Scene\04. ChumBucketLab">
      <UniqueIdentifier>{2d3cff98-e9ab-4d95-849d-e88b179ea333}</UniqueIdentifier>
    </Filter>
    <Filter Include="02. Scene\05. Test">
      <UniqueIdentifier>{2c6f5d40-b403-439c-a686-05eeaf471063}</UniqueIdentifier>
    </Filter>
    <Filter Include="07. Window">
      <UniqueIdentifier>{27923a4d-3124-45a4-9e21-ea1ab636fb37}</UniqueIdentifier>
    </Filter>
    <Filter Include="07. Window\01. DetailWindow">
      <UniqueIdentifier>{4621b128-08a2-4b3a-9908-a7ee536d6e03}</UniqueIdentifier>
    </Filter>
    <Filter Include="07. Window\02. 2D">
      <UniqueIdentifier>{b5c7ec8a-55aa-49bd-b0de-37db749986f3}</UniqueIdentifier>
    </Filter>
    <Filter Include="07. Window\03. 3D">
      <UniqueIdentifier>{0eb92676-3909-47b1-ac68-60c7e07a5f67}</UniqueIdentifier>
    </Filter>
    <Filter Include="07. Window\04. UI">
      <UniqueIdentifier>{c58b05c8-e87f-47a8-af24-1adfb8e85f55}</UniqueIdentifier>
    </Filter>
    <Filter Include="07. Window\05. Component">
      <UniqueIdentifier>{c8a219a6-9e27-47d3-bc09-ebb71af44f8f}</UniqueIdentifier>
    </Filter>
    <Filter Include="03. GameObject\04. Object\01. Common\01. Collectible">
      <UniqueIdentifier>{36b63008-7972-4542-9b1b-43799539ffe3}</UniqueIdentifier>
    </Filter>
    <Filter Include="03. GameObject\02. Monster\03. Tikis">
      <UniqueIdentifier>{020a7ceb-72b1-42b1-ba59-454eacb9d264}</UniqueIdentifier>
    </Filter>
    <Filter Include="03. GameObject\02. Monster\01. Robot\01. Fodder">
      <UniqueIdentifier>{160dc8ed-f437-4c2b-8d9b-f7ff27bf7904}</UniqueIdentifier>
    </Filter>
    <Filter Include="03. GameObject\02. Monster\01. Robot\02. Hammer">
      <UniqueIdentifier>{0261c37f-55e9-4538-96bc-be3f82d605ad}</UniqueIdentifier>
    </Filter>
    <Filter Include="03. GameObject\02. Monster\01. Robot\03. Duplicatotron">
      <UniqueIdentifier>{d8d5eefe-4487-450d-bc33-7b6de25595a3}</UniqueIdentifier>
    </Filter>
  </ItemGroup>
  <ItemGroup>
    <ClCompile Include="EditorManager.cpp">
      <Filter>01. Manager</Filter>
    </ClCompile>
    <ClCompile Include="Window\ObjectWindow.cpp">
      <Filter>07. Window</Filter>
    </ClCompile>
    <ClCompile Include="Window\ClassWindow.cpp">
      <Filter>07. Window</Filter>
    </ClCompile>
    <ClCompile Include="Window\ComponentWindow.cpp">
      <Filter>07. Window</Filter>
    </ClCompile>
    <ClCompile Include="Window\SceneWindow.cpp">
      <Filter>07. Window</Filter>
    </ClCompile>
    <ClCompile Include="Setting\DefaultSetting.cpp">
      <Filter>04. Setting</Filter>
    </ClCompile>
    <ClCompile Include="Setting\EngineShareSetting.cpp">
      <Filter>04. Setting</Filter>
    </ClCompile>
    <ClCompile Include="Window\DetailWindow\CameraWidgetList.cpp">
      <Filter>07. Window\01. DetailWindow</Filter>
    </ClCompile>
    <ClCompile Include="Window\DetailWindow\ComponentWidgetList.cpp">
      <Filter>07. Window\01. DetailWindow</Filter>
    </ClCompile>
    <ClCompile Include="Window\DetailWindow\SceneComponentWidgetList.cpp">
      <Filter>07. Window\01. DetailWindow</Filter>
    </ClCompile>
    <ClCompile Include="Window\DetailWindow\TargetArmWidgetList.cpp">
      <Filter>07. Window\01. DetailWindow</Filter>
    </ClCompile>
    <ClCompile Include="Window\DetailWindow\SpriteComponentWidgetList.cpp">
      <Filter>07. Window\01. DetailWindow</Filter>
    </ClCompile>
    <ClCompile Include="Window\DetailWindow\PrimitiveWidgetList.cpp">
      <Filter>07. Window\01. DetailWindow</Filter>
    </ClCompile>
    <ClCompile Include="Window\DetailWindow\TileMapWidgetList.cpp">
      <Filter>07. Window\01. DetailWindow</Filter>
    </ClCompile>
    <ClCompile Include="Window\PathWindow.cpp">
      <Filter>07. Window</Filter>
    </ClCompile>
    <ClCompile Include="Window\MeshWindow.cpp">
      <Filter>07. Window</Filter>
    </ClCompile>
    <ClCompile Include="Window\MaterialWindow.cpp">
      <Filter>07. Window</Filter>
    </ClCompile>
    <ClCompile Include="Window\Animation3DWindow.cpp">
      <Filter>07. Window\03. 3D</Filter>
    </ClCompile>
    <ClCompile Include="Window\CameraWindow.cpp">
      <Filter>07. Window\05. Component</Filter>
    </ClCompile>
    <ClCompile Include="Window\DetailWindow.cpp">
      <Filter>07. Window\01. DetailWindow</Filter>
    </ClCompile>
    <ClCompile Include="Window\FBXWindow.cpp">
      <Filter>07. Window\03. 3D</Filter>
    </ClCompile>
    <ClCompile Include="Window\LightWindow.cpp">
      <Filter>07. Window\05. Component</Filter>
    </ClCompile>
    <ClCompile Include="Window\ParticleWindow.cpp">
      <Filter>07. Window\05. Component</Filter>
    </ClCompile>
    <ClCompile Include="Window\ResourceWindow.cpp">
      <Filter>07. Window\02. 2D</Filter>
    </ClCompile>
    <ClCompile Include="Window\RigidBodyWindow.cpp">
      <Filter>07. Window\05. Component</Filter>
    </ClCompile>
    <ClCompile Include="Window\TargetArmWindow.cpp">
      <Filter>07. Window\05. Component</Filter>
    </ClCompile>
    <ClCompile Include="Window\TransformWindow.cpp">
      <Filter>07. Window\05. Component</Filter>
    </ClCompile>
    <ClCompile Include="Window\UIButtonWindow.cpp">
      <Filter>07. Window\04. UI</Filter>
    </ClCompile>
    <ClCompile Include="Window\UIImageWindow.cpp">
      <Filter>07. Window\04. UI</Filter>
    </ClCompile>
    <ClCompile Include="Window\UINumberWindow.cpp">
      <Filter>07. Window\04. UI</Filter>
    </ClCompile>
    <ClCompile Include="Window\UIProgressBarWindow.cpp">
      <Filter>07. Window\04. UI</Filter>
    </ClCompile>
    <ClCompile Include="Window\UITextWindow.cpp">
      <Filter>07. Window\04. UI</Filter>
    </ClCompile>
    <ClCompile Include="Window\StatusWindow.cpp">
      <Filter>07. Window</Filter>
    </ClCompile>
    <ClCompile Include="Window\ColliderCubeWindow.cpp">
      <Filter>07. Window\05. Component</Filter>
    </ClCompile>
    <ClCompile Include="Window\ColliderSphere3dWindow.cpp">
      <Filter>07. Window\05. Component</Filter>
    </ClCompile>
    <ClCompile Include="Window\ColliderObb3dWindow.cpp">
      <Filter>07. Window\05. Component</Filter>
    </ClCompile>
    <ClCompile Include="GameObject\AI\CompositeNode.cpp">
      <Filter>06. AI</Filter>
    </ClCompile>
    <ClCompile Include="GameObject\AI\Node.cpp">
      <Filter>06. AI</Filter>
    </ClCompile>
    <ClCompile Include="GameObject\AI\Selector.cpp">
      <Filter>06. AI</Filter>
    </ClCompile>
    <ClCompile Include="GameObject\AI\Sequence.cpp">
      <Filter>06. AI</Filter>
    </ClCompile>
    <ClCompile Include="GameObject\Monster.cpp">
      <Filter>03. GameObject\02. Monster</Filter>
    </ClCompile>
    <ClCompile Include="GameObject\Tikis\Tiki_Stone.cpp">
      <Filter>03. GameObject\02. Monster\03. Tikis</Filter>
    </ClCompile>
    <ClCompile Include="GameObject\Tikis\Tiki_Thunder.cpp">
      <Filter>03. GameObject\02. Monster\03. Tikis</Filter>
    </ClCompile>
    <ClCompile Include="GameObject\Tikis\Tiki_Wood.cpp">
      <Filter>03. GameObject\02. Monster\03. Tikis</Filter>
    </ClCompile>
    <ClCompile Include="UI\RapidXml\CXmlParser.cpp">
      <Filter>05. UI\02. InGame\RapidXml</Filter>
    </ClCompile>
    <ClCompile Include="GameObject\KingJellyfish.cpp">
      <Filter>03. GameObject\03. BossMonster\01. KingJellyfish</Filter>
    </ClCompile>
    <ClCompile Include="GameObject\BossMonster\RoboSponge\RoboSponge.cpp">
      <Filter>03. GameObject\03. BossMonster\02. RoboSponge</Filter>
    </ClCompile>
    <ClCompile Include="GameObject\BossMonster\BossMonster.cpp">
      <Filter>03. GameObject\03. BossMonster</Filter>
    </ClCompile>
    <ClCompile Include="GameObject\Bullet.cpp">
      <Filter>03. GameObject\01. Player</Filter>
    </ClCompile>
    <ClCompile Include="GameObject\Weapon.cpp">
      <Filter>03. GameObject\01. Player</Filter>
    </ClCompile>
    <ClCompile Include="GameObject\Npc\BusDriver.cpp">
      <Filter>03. GameObject\05. Npc\01. AnimNpc</Filter>
    </ClCompile>
    <ClCompile Include="GameObject\Npc\MrKrabs.cpp">
      <Filter>03. GameObject\05. Npc\01. AnimNpc</Filter>
    </ClCompile>
    <ClCompile Include="GameObject\Npc\Patric.cpp">
      <Filter>03. GameObject\05. Npc\01. AnimNpc</Filter>
    </ClCompile>
    <ClCompile Include="GameObject\Npc\Squidward.cpp">
      <Filter>03. GameObject\05. Npc\01. AnimNpc</Filter>
    </ClCompile>
    <ClCompile Include="GameObject\Npc\TaxiDriver.cpp">
      <Filter>03. GameObject\05. Npc\02. StaticNpc</Filter>
    </ClCompile>
    <ClCompile Include="GameObject\Npc\Npc.cpp">
      <Filter>03. GameObject\05. Npc</Filter>
    </ClCompile>
    <ClCompile Include="UI\DialogUI.cpp">
      <Filter>05. UI\02. InGame</Filter>
    </ClCompile>
    <ClCompile Include="UI\InteractUI.cpp">
      <Filter>05. UI\02. InGame</Filter>
    </ClCompile>
    <ClCompile Include="UI\LoadingUI.cpp">
      <Filter>05. UI\01. Menu</Filter>
    </ClCompile>
    <ClCompile Include="UI\PauseUI.cpp">
      <Filter>05. UI\02. InGame</Filter>
    </ClCompile>
    <ClCompile Include="UI\PlayerUI.cpp">
      <Filter>05. UI\02. InGame</Filter>
    </ClCompile>
    <ClCompile Include="UI\StartSceneUI.cpp">
      <Filter>05. UI\03. Etc</Filter>
    </ClCompile>
    <ClCompile Include="UI\TitleSceneUI.cpp">
      <Filter>05. UI\01. Menu</Filter>
    </ClCompile>
    <ClCompile Include="Scene\EditorDefaultScene.cpp">
      <Filter>02. Scene\05. Test</Filter>
    </ClCompile>
    <ClCompile Include="Scene\LoadingSceneInfo.cpp">
      <Filter>02. Scene\01. Menu, Title</Filter>
    </ClCompile>
    <ClCompile Include="Scene\TitleSceneInfo.cpp">
      <Filter>02. Scene\01. Menu, Title</Filter>
    </ClCompile>
    <ClCompile Include="Scene\TestScene.cpp">
      <Filter>02. Scene</Filter>
    </ClCompile>
    <ClCompile Include="Scene\BikiniCitySceneInfo.cpp">
      <Filter>02. Scene\02. BikiniBottom</Filter>
    </ClCompile>
    <ClCompile Include="Scene\JellyfishFieldSceneInfo.cpp">
      <Filter>02. Scene\03. JellyFishField</Filter>
    </ClCompile>
    <ClCompile Include="Scene\TestScene.cpp">
      <Filter>02. Scene\05. Test</Filter>
    </ClCompile>
    <ClCompile Include="GameObject\Object\CBL\CBL_Platform.cpp">
      <Filter>03. GameObject\04. Object\04. ChumBucketLab\02. CBL</Filter>
    </ClCompile>
    <ClCompile Include="GameObject\Object\Common\Collectible\ShinyFlower.cpp">
      <Filter>03. GameObject\04. Object\01. Common\01. Collectible</Filter>
    </ClCompile>
    <ClCompile Include="GameObject\Object\Common\Collectible\Sock.cpp">
      <Filter>03. GameObject\04. Object\01. Common\01. Collectible</Filter>
    </ClCompile>
    <ClCompile Include="GameObject\Object\Common\Collectible\UnderWear.cpp">
      <Filter>03. GameObject\04. Object\01. Common\01. Collectible</Filter>
    </ClCompile>
    <ClCompile Include="GameObject\Object\Common\Collectible\CollectibleItems.cpp">
      <Filter>03. GameObject\04. Object\01. Common\01. Collectible</Filter>
    </ClCompile>
    <ClCompile Include="GameObject\Object\Common\Collectible\GoldenSpatula.cpp">
      <Filter>03. GameObject\04. Object\01. Common\01. Collectible</Filter>
    </ClCompile>
    <ClCompile Include="GameObject\Object\Common\Trampoline.cpp">
      <Filter>03. GameObject\04. Object\01. Common</Filter>
    </ClCompile>
    <ClCompile Include="GameObject\Object\Common\InteractButton.cpp">
      <Filter>03. GameObject\04. Object\01. Common</Filter>
    </ClCompile>
    <ClCompile Include="Window\TerrainWindow.cpp">
      <Filter>소스 파일</Filter>
    </ClCompile>
    <ClCompile Include="GameObject\Player.cpp">
      <Filter>03. GameObject\01. Player</Filter>
    </ClCompile>
    <ClCompile Include="GameObject\Object\Common\Collectible\Collectible_Bubble.cpp">
      <Filter>03. GameObject\04. Object\01. Common\01. Collectible</Filter>
    </ClCompile>
    <ClCompile Include="Window\TerrainWindow.cpp">
      <Filter>07. Window</Filter>
    </ClCompile>
    <ClCompile Include="GameObject\Pufferfish.cpp">
      <Filter>03. GameObject\04. Object\03. JellyFishField</Filter>
    </ClCompile>
    <ClCompile Include="GameObject\Cannon.cpp">
      <Filter>03. GameObject\04. Object\03. JellyFishField</Filter>
    </ClCompile>
    <ClCompile Include="GameObject\TeeterRock.cpp">
      <Filter>03. GameObject\04. Object\03. JellyFishField</Filter>
    </ClCompile>
    <ClCompile Include="GameObject\Object\Gate.cpp">
      <Filter>03. GameObject\04. Object\03. JellyFishField</Filter>
    </ClCompile>
    <ClCompile Include="GameObject\Object\JumpTree.cpp">
      <Filter>03. GameObject\04. Object\03. JellyFishField</Filter>
    </ClCompile>
    <ClCompile Include="GameObject\Object\TeleportBox.cpp">
      <Filter>03. GameObject\04. Object\03. JellyFishField</Filter>
    </ClCompile>
    <ClCompile Include="GameObject\Object\CheckPoint.cpp">
      <Filter>03. GameObject\04. Object\03. JellyFishField</Filter>
    </ClCompile>
    <ClCompile Include="GameObject\PatrickObject.cpp">
      <Filter>03. GameObject\01. Player</Filter>
    </ClCompile>
    <ClCompile Include="Scene\KingJellyfishSceneInfo.cpp">
      <Filter>02. Scene\03. JellyFishField</Filter>
    </ClCompile>
    <ClCompile Include="GameObject\SpongebobMissile.cpp">
      <Filter>03. GameObject\01. Player</Filter>
    </ClCompile>
    <ClCompile Include="GameObject\Object\IceCube.cpp">
      <Filter>03. GameObject\04. Object\03. JellyFishField</Filter>
    </ClCompile>
    <ClCompile Include="GameObject\Object\BB\BusStop.cpp">
      <Filter>03. GameObject\04. Object\02. BikiniBottom</Filter>
    </ClCompile>
    <ClCompile Include="GameObject\Object\Pool.cpp">
      <Filter>03. GameObject\04. Object\03. JellyFishField</Filter>
    </ClCompile>
    <ClCompile Include="GameObject\ElectricRing.cpp">
      <Filter>03. GameObject\03. BossMonster\01. KingJellyfish</Filter>
    </ClCompile>
    <ClCompile Include="GameObject\Jellyfish.cpp">
      <Filter>03. GameObject\02. Monster\02. Jellyfish</Filter>
    </ClCompile>
    <ClCompile Include="GameObject\Npc\InfoSign.cpp">
      <Filter>03. GameObject\05. Npc\02. StaticNpc</Filter>
    </ClCompile>
    <ClCompile Include="GameObject\JellyfishElectric.cpp">
      <Filter>03. GameObject\03. BossMonster\01. KingJellyfish</Filter>
    </ClCompile>
    <ClCompile Include="GameObject\Tikis\TikiBase.cpp">
      <Filter>03. GameObject\02. Monster\03. Tikis</Filter>
    </ClCompile>
    <ClCompile Include="GameObject\Object\CBL\CBL_Floor.cpp">
      <Filter>03. GameObject\04. Object\04. ChumBucketLab\02. CBL</Filter>
    </ClCompile>
    <ClCompile Include="main.cpp">
      <Filter>소스 파일</Filter>
    </ClCompile>
    <ClCompile Include="GameObject\Duplicatotron.cpp">
      <Filter>03. GameObject\02. Monster\01. Robot\03. Duplicatotron</Filter>
    </ClCompile>
    <ClCompile Include="GameObject\Fodder.cpp">
      <Filter>03. GameObject\02. Monster\01. Robot\01. Fodder</Filter>
    </ClCompile>
    <ClCompile Include="GameObject\Hammer.cpp">
      <Filter>03. GameObject\02. Monster\01. Robot\02. Hammer</Filter>
    </ClCompile>
    <ClCompile Include="GameObject\FodderDebris.cpp">
      <Filter>03. GameObject\02. Monster\01. Robot\01. Fodder</Filter>
    </ClCompile>
    <ClCompile Include="GameObject\HammerDebris.cpp">
      <Filter>03. GameObject\02. Monster\01. Robot\02. Hammer</Filter>
    </ClCompile>
    <ClCompile Include="GameObject\Dupli_Can.cpp">
      <Filter>03. GameObject\02. Monster\01. Robot\03. Duplicatotron</Filter>
    </ClCompile>
    <ClCompile Include="GameObject\BossMonster\RoboSponge\RoboSponge_AttackWords.cpp">
      <Filter>03. GameObject\03. BossMonster\02. RoboSponge</Filter>
    </ClCompile>
    <ClCompile Include="GameObject\BossMonster\RoboSponge\RoboSponge_Knob.cpp">
      <Filter>03. GameObject\03. BossMonster\02. RoboSponge</Filter>
    </ClCompile>
    <ClCompile Include="UI\Fade.cpp">
      <Filter>05. UI\02. InGame</Filter>
    </ClCompile>
    <ClCompile Include="Scene\JellyfishField1SceneInfo.cpp">
      <Filter>02. Scene\03. JellyFishField</Filter>
    </ClCompile>
    <ClCompile Include="Scene\JellyfishField2SceneInfo.cpp">
      <Filter>02. Scene\03. JellyFishField</Filter>
    </ClCompile>
    <ClCompile Include="Scene\JellyfishField3SceneInfo.cpp">
      <Filter>02. Scene\03. JellyFishField</Filter>
    </ClCompile>
    <ClCompile Include="Scene\JellyfishField4SceneInfo.cpp">
      <Filter>02. Scene\03. JellyFishField</Filter>
    </ClCompile>
    <ClCompile Include="Scene\JellyfishField5SceneInfo.cpp">
      <Filter>02. Scene\03. JellyFishField</Filter>
    </ClCompile>
    <ClCompile Include="GameObject\Object\JFF\Grass.cpp">
      <Filter>03. GameObject\04. Object\03. JellyFishField</Filter>
    </ClCompile>
    <ClCompile Include="UI\BossUI.cpp">
      <Filter>05. UI\02. InGame</Filter>
    </ClCompile>
    <ClCompile Include="Scene\RoboSpongeSceneInfo.cpp">
      <Filter>02. Scene\04. ChumBucketLab</Filter>
    </ClCompile>
    <ClCompile Include="GameObject\Object\CBL\CBL_BaseMesh.cpp">
      <Filter>03. GameObject\04. Object\04. ChumBucketLab\02. CBL</Filter>
    </ClCompile>
    <ClCompile Include="Scene\LoadingBikiniCity.cpp">
      <Filter>02. Scene\02. BikiniBottom</Filter>
    </ClCompile>
    <ClCompile Include="Scene\LoadingSceneThread.cpp">
      <Filter>02. Scene</Filter>
    </ClCompile>
    <ClCompile Include="UI\CreditUI.cpp">
      <Filter>05. UI\01. Menu</Filter>
    </ClCompile>
  </ItemGroup>
  <ItemGroup>
    <ClInclude Include="EditorManager.h">
      <Filter>01. Manager</Filter>
    </ClInclude>
    <ClInclude Include="Window\ObjectWindow.h">
      <Filter>07. Window</Filter>
    </ClInclude>
    <ClInclude Include="Window\ClassWindow.h">
      <Filter>07. Window</Filter>
    </ClInclude>
    <ClInclude Include="Window\ComponentWindow.h">
      <Filter>07. Window</Filter>
    </ClInclude>
    <ClInclude Include="Window\SceneWindow.h">
      <Filter>07. Window</Filter>
    </ClInclude>
    <ClInclude Include="Setting\DefaultSetting.h">
      <Filter>04. Setting</Filter>
    </ClInclude>
    <ClInclude Include="Setting\EngineShareSetting.h">
      <Filter>04. Setting</Filter>
    </ClInclude>
    <ClInclude Include="Window\DetailWindow\CameraWidgetList.h">
      <Filter>07. Window\01. DetailWindow</Filter>
    </ClInclude>
    <ClInclude Include="Window\DetailWindow\ComponentWidgetList.h">
      <Filter>07. Window\01. DetailWindow</Filter>
    </ClInclude>
    <ClInclude Include="Window\DetailWindow\SpriteComponentWidgetList.h">
      <Filter>07. Window\01. DetailWindow</Filter>
    </ClInclude>
    <ClInclude Include="Window\DetailWindow\SceneComponentWidgetList.h">
      <Filter>07. Window\01. DetailWindow</Filter>
    </ClInclude>
    <ClInclude Include="Window\DetailWindow\TargetArmWidgetList.h">
      <Filter>07. Window\01. DetailWindow</Filter>
    </ClInclude>
    <ClInclude Include="Window\DetailWindow\PrimitiveWidgetList.h">
      <Filter>07. Window\01. DetailWindow</Filter>
    </ClInclude>
    <ClInclude Include="Window\DetailWindow\TileMapWidgetList.h">
      <Filter>07. Window\01. DetailWindow</Filter>
    </ClInclude>
    <ClInclude Include="Window\PathWindow.h">
      <Filter>07. Window</Filter>
    </ClInclude>
    <ClInclude Include="Window\MeshWindow.h">
      <Filter>07. Window</Filter>
    </ClInclude>
    <ClInclude Include="Window\MaterialWindow.h">
      <Filter>07. Window</Filter>
    </ClInclude>
    <ClInclude Include="Window\Animation3DWindow.h">
      <Filter>07. Window\03. 3D</Filter>
    </ClInclude>
    <ClInclude Include="Window\CameraWindow.h">
      <Filter>07. Window\05. Component</Filter>
    </ClInclude>
    <ClInclude Include="Window\DetailWindow.h">
      <Filter>07. Window\01. DetailWindow</Filter>
    </ClInclude>
    <ClInclude Include="Window\FBXWindow.h">
      <Filter>07. Window\03. 3D</Filter>
    </ClInclude>
    <ClInclude Include="Window\LightWindow.h">
      <Filter>07. Window\05. Component</Filter>
    </ClInclude>
    <ClInclude Include="Window\ParticleWindow.h">
      <Filter>07. Window\05. Component</Filter>
    </ClInclude>
    <ClInclude Include="Window\ResourceWindow.h">
      <Filter>07. Window\02. 2D</Filter>
    </ClInclude>
    <ClInclude Include="Window\RigidBodyWindow.h">
      <Filter>07. Window\05. Component</Filter>
    </ClInclude>
    <ClInclude Include="Window\TargetArmWindow.h">
      <Filter>07. Window\05. Component</Filter>
    </ClInclude>
    <ClInclude Include="Window\TransformWindow.h">
      <Filter>07. Window\05. Component</Filter>
    </ClInclude>
    <ClInclude Include="Window\UIButtonWindow.h">
      <Filter>07. Window\04. UI</Filter>
    </ClInclude>
    <ClInclude Include="Window\UIImageWindow.h">
      <Filter>07. Window\04. UI</Filter>
    </ClInclude>
    <ClInclude Include="Window\UINumberWindow.h">
      <Filter>07. Window\04. UI</Filter>
    </ClInclude>
    <ClInclude Include="Window\UIProgressBarWindow.h">
      <Filter>07. Window\04. UI</Filter>
    </ClInclude>
    <ClInclude Include="Window\UITextWindow.h">
      <Filter>07. Window\04. UI</Filter>
    </ClInclude>
    <ClInclude Include="Window\StatusWindow.h">
      <Filter>07. Window</Filter>
    </ClInclude>
    <ClInclude Include="Window\ColliderCubeWindow.h">
      <Filter>07. Window\05. Component</Filter>
    </ClInclude>
    <ClInclude Include="Window\ColliderSphere3dWindow.h">
      <Filter>07. Window\05. Component</Filter>
    </ClInclude>
    <ClInclude Include="Window\ColliderObb3dWindow.h">
      <Filter>07. Window\05. Component</Filter>
    </ClInclude>
    <ClInclude Include="GameObject\AI\CompositeNode.h">
      <Filter>06. AI</Filter>
    </ClInclude>
    <ClInclude Include="GameObject\AI\Node.h">
      <Filter>06. AI</Filter>
    </ClInclude>
    <ClInclude Include="GameObject\AI\Selector.h">
      <Filter>06. AI</Filter>
    </ClInclude>
    <ClInclude Include="GameObject\AI\Sequence.h">
      <Filter>06. AI</Filter>
    </ClInclude>
    <ClInclude Include="GameObject\Monster.h">
      <Filter>03. GameObject\02. Monster</Filter>
    </ClInclude>
    <ClInclude Include="GameObject\Tikis\Tiki_Stone.h">
      <Filter>03. GameObject\02. Monster\03. Tikis</Filter>
    </ClInclude>
    <ClInclude Include="GameObject\Tikis\Tiki_Thunder.h">
      <Filter>03. GameObject\02. Monster\03. Tikis</Filter>
    </ClInclude>
    <ClInclude Include="GameObject\Tikis\Tiki_Wood.h">
      <Filter>03. GameObject\02. Monster\03. Tikis</Filter>
    </ClInclude>
    <ClInclude Include="UI\RapidXml\CXmlParser.h">
      <Filter>05. UI\02. InGame\RapidXml</Filter>
    </ClInclude>
    <ClInclude Include="GameObject\KingJellyfish.h">
      <Filter>03. GameObject\03. BossMonster\01. KingJellyfish</Filter>
    </ClInclude>
    <ClInclude Include="GameObject\BossMonster\RoboSponge\RoboSponge.h">
      <Filter>03. GameObject\03. BossMonster\02. RoboSponge</Filter>
    </ClInclude>
    <ClInclude Include="GameObject\BossMonster\BossMonster.h">
      <Filter>03. GameObject\03. BossMonster</Filter>
    </ClInclude>
    <ClInclude Include="GameObject\Bullet.h">
      <Filter>03. GameObject\01. Player</Filter>
    </ClInclude>
    <ClInclude Include="GameObject\Weapon.h">
      <Filter>03. GameObject\01. Player</Filter>
    </ClInclude>
    <ClInclude Include="GameObject\Npc\BusDriver.h">
      <Filter>03. GameObject\05. Npc\01. AnimNpc</Filter>
    </ClInclude>
    <ClInclude Include="GameObject\Npc\MrKrabs.h">
      <Filter>03. GameObject\05. Npc\01. AnimNpc</Filter>
    </ClInclude>
    <ClInclude Include="GameObject\Npc\Patric.h">
      <Filter>03. GameObject\05. Npc\01. AnimNpc</Filter>
    </ClInclude>
    <ClInclude Include="GameObject\Npc\Squidward.h">
      <Filter>03. GameObject\05. Npc\01. AnimNpc</Filter>
    </ClInclude>
    <ClInclude Include="GameObject\Npc\TaxiDriver.h">
      <Filter>03. GameObject\05. Npc\02. StaticNpc</Filter>
    </ClInclude>
    <ClInclude Include="GameObject\Npc\Npc.h">
      <Filter>03. GameObject\05. Npc</Filter>
    </ClInclude>
    <ClInclude Include="UI\RapidXml\rapidxml.hpp">
      <Filter>05. UI\02. InGame\RapidXml\Code</Filter>
    </ClInclude>
    <ClInclude Include="UI\RapidXml\rapidxml_iterators.hpp">
      <Filter>05. UI\02. InGame\RapidXml\Code</Filter>
    </ClInclude>
    <ClInclude Include="UI\RapidXml\rapidxml_print.hpp">
      <Filter>05. UI\02. InGame\RapidXml\Code</Filter>
    </ClInclude>
    <ClInclude Include="UI\RapidXml\rapidxml_utils.hpp">
      <Filter>05. UI\02. InGame\RapidXml\Code</Filter>
    </ClInclude>
    <ClInclude Include="UI\DialogUI.h">
      <Filter>05. UI\02. InGame</Filter>
    </ClInclude>
    <ClInclude Include="UI\InteractUI.h">
      <Filter>05. UI\02. InGame</Filter>
    </ClInclude>
    <ClInclude Include="UI\LoadingUI.h">
      <Filter>05. UI\01. Menu</Filter>
    </ClInclude>
    <ClInclude Include="UI\PauseUI.h">
      <Filter>05. UI\02. InGame</Filter>
    </ClInclude>
    <ClInclude Include="UI\PlayerUI.h">
      <Filter>05. UI\02. InGame</Filter>
    </ClInclude>
    <ClInclude Include="UI\StartSceneUI.h">
      <Filter>05. UI\03. Etc</Filter>
    </ClInclude>
    <ClInclude Include="UI\TitleSceneUI.h">
      <Filter>05. UI\01. Menu</Filter>
    </ClInclude>
    <ClInclude Include="Scene\EditorDefaultScene.h">
      <Filter>02. Scene\05. Test</Filter>
    </ClInclude>
    <ClInclude Include="Scene\LoadingSceneInfo.h">
      <Filter>02. Scene\01. Menu, Title</Filter>
    </ClInclude>
    <ClInclude Include="Scene\TitleSceneInfo.h">
      <Filter>02. Scene\01. Menu, Title</Filter>
    </ClInclude>
    <ClInclude Include="Scene\TestScene.h">
      <Filter>02. Scene</Filter>
    </ClInclude>
    <ClInclude Include="Scene\BikiniCitySceneInfo.h">
      <Filter>02. Scene\02. BikiniBottom</Filter>
    </ClInclude>
    <ClInclude Include="Scene\JellyfishFieldSceneInfo.h">
      <Filter>02. Scene\03. JellyFishField</Filter>
    </ClInclude>
    <ClInclude Include="Scene\TestScene.h">
      <Filter>02. Scene\05. Test</Filter>
    </ClInclude>
    <ClInclude Include="GameObject\Object\CBL\CBL_Platform.h">
      <Filter>03. GameObject\04. Object\04. ChumBucketLab\02. CBL</Filter>
    </ClInclude>
    <ClInclude Include="GameObject\Object\Common\Collectible\GoldenSpatula.h">
      <Filter>03. GameObject\04. Object\01. Common\01. Collectible</Filter>
    </ClInclude>
    <ClInclude Include="GameObject\Object\Common\Collectible\ShinyFlower.h">
      <Filter>03. GameObject\04. Object\01. Common\01. Collectible</Filter>
    </ClInclude>
    <ClInclude Include="GameObject\Object\Common\Collectible\Sock.h">
      <Filter>03. GameObject\04. Object\01. Common\01. Collectible</Filter>
    </ClInclude>
    <ClInclude Include="GameObject\Object\Common\Collectible\UnderWear.h">
      <Filter>03. GameObject\04. Object\01. Common\01. Collectible</Filter>
    </ClInclude>
    <ClInclude Include="GameObject\Object\Common\Collectible\CollectibleItems.h">
      <Filter>03. GameObject\04. Object\01. Common\01. Collectible</Filter>
    </ClInclude>
    <ClInclude Include="GameObject\Object\Common\Trampoline.h">
      <Filter>03. GameObject\04. Object\01. Common</Filter>
    </ClInclude>
    <ClInclude Include="GameObject\Object\Common\InteractButton.h">
      <Filter>03. GameObject\04. Object\01. Common</Filter>
    </ClInclude>
    <ClInclude Include="Window\TerrainWindow.h">
      <Filter>헤더 파일</Filter>
    </ClInclude>
    <ClInclude Include="GameObject\Player.h">
      <Filter>03. GameObject\01. Player</Filter>
    </ClInclude>
    <ClInclude Include="GameObject\Object\Common\Collectible\Collectible_Bubble.h">
      <Filter>03. GameObject\04. Object\01. Common\01. Collectible</Filter>
    </ClInclude>
    <ClInclude Include="Window\TerrainWindow.h">
      <Filter>07. Window</Filter>
    </ClInclude>
    <ClInclude Include="GameObject\Pufferfish.h">
      <Filter>03. GameObject\04. Object\03. JellyFishField</Filter>
    </ClInclude>
    <ClInclude Include="GameObject\Cannon.h">
      <Filter>03. GameObject\04. Object\03. JellyFishField</Filter>
    </ClInclude>
    <ClInclude Include="GameObject\TeeterRock.h">
      <Filter>03. GameObject\04. Object\03. JellyFishField</Filter>
    </ClInclude>
    <ClInclude Include="GameObject\Object\Gate.h">
      <Filter>03. GameObject\04. Object\03. JellyFishField</Filter>
    </ClInclude>
    <ClInclude Include="GameObject\Object\TeleportBox.h">
      <Filter>03. GameObject\04. Object\03. JellyFishField</Filter>
    </ClInclude>
    <ClInclude Include="GameObject\PatrickObject.h">
      <Filter>03. GameObject\01. Player</Filter>
    </ClInclude>
    <ClInclude Include="Scene\KingJellyfishSceneInfo.h">
      <Filter>02. Scene\03. JellyFishField</Filter>
    </ClInclude>
    <ClInclude Include="GameObject\SpongebobMissile.h">
      <Filter>03. GameObject\01. Player</Filter>
    </ClInclude>
    <ClInclude Include="GameObject\Object\IceCube.h">
      <Filter>03. GameObject\04. Object\03. JellyFishField</Filter>
    </ClInclude>
    <ClInclude Include="GameObject\Object\BB\BusStop.h">
      <Filter>03. GameObject\04. Object\02. BikiniBottom</Filter>
    </ClInclude>
    <ClInclude Include="GameObject\Object\Pool.h">
      <Filter>03. GameObject\04. Object\03. JellyFishField</Filter>
    </ClInclude>
    <ClInclude Include="GameObject\ElectricRing.h">
      <Filter>03. GameObject\03. BossMonster\01. KingJellyfish</Filter>
    </ClInclude>
    <ClInclude Include="GameObject\Jellyfish.h">
      <Filter>03. GameObject\02. Monster\02. Jellyfish</Filter>
    </ClInclude>
    <ClInclude Include="GameObject\Npc\InfoSign.h">
      <Filter>03. GameObject\05. Npc\02. StaticNpc</Filter>
    </ClInclude>
    <ClInclude Include="GameObject\Object\JumpTree.h">
      <Filter>03. GameObject\04. Object\03. JellyFishField</Filter>
    </ClInclude>
    <ClInclude Include="GameObject\JellyfishElectric.h">
      <Filter>03. GameObject\03. BossMonster\01. KingJellyfish</Filter>
    </ClInclude>
    <ClInclude Include="GameObject\Tikis\TikiBase.h">
      <Filter>03. GameObject\02. Monster\03. Tikis</Filter>
    </ClInclude>
    <ClInclude Include="GameObject\Object\CBL\CBL_Floor.h">
      <Filter>03. GameObject\04. Object\04. ChumBucketLab\02. CBL</Filter>
    </ClInclude>
    <ClInclude Include="Editor.h">
      <Filter>헤더 파일</Filter>
    </ClInclude>
    <ClInclude Include="GameObject\Duplicatotron.h">
      <Filter>03. GameObject\02. Monster\01. Robot\03. Duplicatotron</Filter>
    </ClInclude>
    <ClInclude Include="GameObject\Fodder.h">
      <Filter>03. GameObject\02. Monster\01. Robot\01. Fodder</Filter>
    </ClInclude>
    <ClInclude Include="GameObject\Hammer.h">
      <Filter>03. GameObject\02. Monster\01. Robot\02. Hammer</Filter>
    </ClInclude>
    <ClInclude Include="GameObject\FodderDebris.h">
      <Filter>03. GameObject\02. Monster\01. Robot\01. Fodder</Filter>
    </ClInclude>
    <ClInclude Include="GameObject\HammerDebris.h">
      <Filter>03. GameObject\02. Monster\01. Robot\02. Hammer</Filter>
    </ClInclude>
    <ClInclude Include="GameObject\Dupli_Can.h">
      <Filter>03. GameObject\02. Monster\01. Robot\03. Duplicatotron</Filter>
    </ClInclude>
    <ClInclude Include="GameObject\BossMonster\RoboSponge\RoboSponge_AttackWords.h">
      <Filter>03. GameObject\03. BossMonster\02. RoboSponge</Filter>
    </ClInclude>
    <ClInclude Include="GameObject\BossMonster\RoboSponge\RoboSponge_Knob.h">
      <Filter>03. GameObject\03. BossMonster\02. RoboSponge</Filter>
    </ClInclude>
    <ClInclude Include="UI\Fade.h">
      <Filter>05. UI\02. InGame</Filter>
    </ClInclude>
    <ClInclude Include="Scene\JellyfishField1SceneInfo.h">
      <Filter>02. Scene\03. JellyFishField</Filter>
    </ClInclude>
    <ClInclude Include="Scene\JellyfishField2SceneInfo.h">
      <Filter>02. Scene\03. JellyFishField</Filter>
    </ClInclude>
    <ClInclude Include="Scene\JellyfishField3SceneInfo.h">
      <Filter>02. Scene\03. JellyFishField</Filter>
    </ClInclude>
    <ClInclude Include="Scene\JellyfishField4SceneInfo.h">
      <Filter>02. Scene\03. JellyFishField</Filter>
    </ClInclude>
    <ClInclude Include="Scene\JellyfishField5SceneInfo.h">
      <Filter>02. Scene\03. JellyFishField</Filter>
    </ClInclude>
    <ClInclude Include="GameObject\Object\JFF\Grass.h">
      <Filter>03. GameObject\04. Object\03. JellyFishField</Filter>
    </ClInclude>
    <ClInclude Include="UI\BossUI.h">
      <Filter>05. UI\02. InGame</Filter>
    </ClInclude>
    <ClInclude Include="Scene\RoboSpongeSceneInfo.h">
      <Filter>02. Scene\04. ChumBucketLab</Filter>
    </ClInclude>
    <ClInclude Include="GameObject\Object\CBL\CBL_BaseMesh.h">
      <Filter>03. GameObject\04. Object\04. ChumBucketLab\02. CBL</Filter>
    </ClInclude>
    <ClInclude Include="GameObject\Object\CheckPoint.h">
      <Filter>03. GameObject\04. Object\03. JellyFishField</Filter>
    </ClInclude>
    <ClInclude Include="Scene\LoadingBikiniCity.h">
      <Filter>02. Scene\02. BikiniBottom</Filter>
    </ClInclude>
    <ClInclude Include="Scene\LoadingSceneThread.h">
      <Filter>02. Scene</Filter>
    </ClInclude>
    <ClInclude Include="UI\CreditUI.h">
      <Filter>05. UI\01. Menu</Filter>
    </ClInclude>
  </ItemGroup>
  <ItemGroup>
    <Image Include="..\Bin\SponegeBob.ico">
      <Filter>리소스 파일</Filter>
    </Image>
  </ItemGroup>
  <ItemGroup>
    <ResourceCompile Include="AR41Editor.rc">
      <Filter>리소스 파일</Filter>
    </ResourceCompile>
  </ItemGroup>
  <ItemGroup>
    <ResourceCompile Include="AR41Editor.rc">
      <Filter>리소스 파일</Filter>
    </ResourceCompile>
  </ItemGroup>
  <ItemGroup>
    <None Include="..\..\..\..\..\Assort41_DX11_3D\AR41DX\Client3D\Include\GameObject\Player.cpp_bak" />
    <None Include="..\..\..\..\..\Assort41_DX11_3D\AR41DX\Client3D\Include\GameObject\Player.h_bak" />
  </ItemGroup>
</Project>