<?xml version="1.0" encoding="utf-8"?>
<Project ToolsVersion="4.0" xmlns="http://schemas.microsoft.com/developer/msbuild/2003">
  <ItemGroup>
    <Filter Include="소스 파일">
      <UniqueIdentifier>{4FC737F1-C7A5-4376-A066-2A32D752A2FF}</UniqueIdentifier>
      <Extensions>cpp;c;cc;cxx;c++;cppm;ixx;def;odl;idl;hpj;bat;asm;asmx</Extensions>
    </Filter>
    <Filter Include="헤더 파일">
      <UniqueIdentifier>{93995380-89BD-4b04-88EB-625FBE52EBFB}</UniqueIdentifier>
      <Extensions>h;hh;hpp;hxx;h++;hm;inl;inc;ipp;xsd</Extensions>
    </Filter>
    <Filter Include="리소스 파일">
      <UniqueIdentifier>{67DA6AB6-F800-4c08-8B7A-83BB121AAD01}</UniqueIdentifier>
      <Extensions>rc;ico;cur;bmp;dlg;rc2;rct;bin;rgs;gif;jpg;jpeg;jpe;resx;tiff;tif;png;wav;mfcribbon-ms</Extensions>
    </Filter>
    <Filter Include="01. Manager">
      <UniqueIdentifier>{2dcea9fd-d497-48f8-b768-82242e9b40a7}</UniqueIdentifier>
    </Filter>
    <Filter Include="01. Manager\01. Device">
      <UniqueIdentifier>{dcef6c9e-b6d2-4b72-8691-8ea21f3590a7}</UniqueIdentifier>
    </Filter>
    <Filter Include="01. Manager\02. Math">
      <UniqueIdentifier>{2a1ed63a-7f77-4303-aaa1-5c515d4b3082}</UniqueIdentifier>
    </Filter>
    <Filter Include="02. Resource">
      <UniqueIdentifier>{d271bf78-49a4-4fd2-8c21-ddd1cb974963}</UniqueIdentifier>
    </Filter>
    <Filter Include="02. Resource\01. Mesh">
      <UniqueIdentifier>{f54279a8-b60d-41ac-b9b9-a0abbd510e47}</UniqueIdentifier>
    </Filter>
    <Filter Include="01. Manager\03. Ref">
      <UniqueIdentifier>{ac813765-ae7e-4b62-a432-a9393889ea90}</UniqueIdentifier>
    </Filter>
    <Filter Include="01. Manager\04. Timer">
      <UniqueIdentifier>{0c386375-77af-4e6d-960e-8e85462c30d8}</UniqueIdentifier>
    </Filter>
    <Filter Include="01. Manager\05. SharedPtr">
      <UniqueIdentifier>{2d47aa57-d761-43ee-b7c4-abab648f60ae}</UniqueIdentifier>
    </Filter>
    <Filter Include="02. Resource\02. Shader">
      <UniqueIdentifier>{97c19554-fcf3-4e9e-9d23-e7c72fc5462a}</UniqueIdentifier>
    </Filter>
    <Filter Include="02. Resource\02. Shader\01. HLSL">
      <UniqueIdentifier>{423f0fc5-8997-4cc7-9da9-9c582373e032}</UniqueIdentifier>
    </Filter>
    <Filter Include="01. Manager\06. Path">
      <UniqueIdentifier>{462c3053-e3cc-4ec4-b9c1-a5ade5c181e0}</UniqueIdentifier>
    </Filter>
    <Filter Include="02. Resource\02. Shader\02. ShaderClass">
      <UniqueIdentifier>{94aa7314-74a4-44d0-bacf-d0438cce96a8}</UniqueIdentifier>
    </Filter>
    <Filter Include="02. Resource\02. Shader\02. ShaderClass\01. Sprite">
      <UniqueIdentifier>{7ecf037e-f195-48b1-a71b-a63e7c23d413}</UniqueIdentifier>
    </Filter>
    <Filter Include="03. Scene">
      <UniqueIdentifier>{edfe5c45-f59e-4105-95c8-471462d3b881}</UniqueIdentifier>
    </Filter>
    <Filter Include="03. Scene\01. SceneInfo">
      <UniqueIdentifier>{248e8e30-fb77-4d96-b9a9-9082e91415c2}</UniqueIdentifier>
    </Filter>
    <Filter Include="04. GameObject">
      <UniqueIdentifier>{0eaafc0a-1348-40e6-88b5-ecdd15feba4a}</UniqueIdentifier>
    </Filter>
    <Filter Include="05. Component">
      <UniqueIdentifier>{27c89d64-10f1-4efb-9706-48cbfc1f2f2a}</UniqueIdentifier>
    </Filter>
    <Filter Include="05. Component\01. SceneComponent">
      <UniqueIdentifier>{d79d2dfe-f650-45ef-af0f-23f09fa4aa5e}</UniqueIdentifier>
    </Filter>
    <Filter Include="05. Component\02. ObjectComponent">
      <UniqueIdentifier>{f17128bc-7a8a-4650-9a89-facafd922d21}</UniqueIdentifier>
    </Filter>
    <Filter Include="05. Component\01. SceneComponent\01. Primitive">
      <UniqueIdentifier>{dbf625e5-d9d7-43b4-a0bf-a3f2eedb0ce7}</UniqueIdentifier>
    </Filter>
    <Filter Include="03. Scene\02. Resource">
      <UniqueIdentifier>{617b6f6a-c5ec-41ed-b537-f44fd1459c19}</UniqueIdentifier>
    </Filter>
    <Filter Include="06. Render">
      <UniqueIdentifier>{9847b47e-0737-4b29-979d-caab880cbe4a}</UniqueIdentifier>
    </Filter>
    <Filter Include="02. Resource\02. Shader\03. ConstantBuffer">
      <UniqueIdentifier>{5f6cbd51-10e8-40ad-aaac-7f75be687d20}</UniqueIdentifier>
    </Filter>
    <Filter Include="02. Resource\02. Shader\03. ConstantBuffer\01. Transform">
      <UniqueIdentifier>{162003dd-5f09-4b5c-b960-72e584baa9de}</UniqueIdentifier>
    </Filter>
    <Filter Include="01. Manager\07. Input">
      <UniqueIdentifier>{95a9ff23-8203-459b-a73f-de08f788b527}</UniqueIdentifier>
    </Filter>
    <Filter Include="05. Component\01. SceneComponent\02. Camera">
      <UniqueIdentifier>{c618be8d-5f89-40c4-a46a-3178113624da}</UniqueIdentifier>
    </Filter>
    <Filter Include="03. Scene\03. Camera">
      <UniqueIdentifier>{6da82b8f-7c1c-4b58-90f5-1fbc7ff44c47}</UniqueIdentifier>
    </Filter>
    <Filter Include="05. Component\01. SceneComponent\03. Arm">
      <UniqueIdentifier>{3d6492d2-73d9-4bc5-95bd-73d33a13b435}</UniqueIdentifier>
    </Filter>
    <Filter Include="02. Resource\03. Texture">
      <UniqueIdentifier>{3a139595-a86d-461c-9134-14e315d12004}</UniqueIdentifier>
    </Filter>
    <Filter Include="02. Resource\04. Material">
      <UniqueIdentifier>{0aa2cb5a-1266-431d-8d3c-8e8db10d3e5a}</UniqueIdentifier>
    </Filter>
    <Filter Include="02. Resource\02. Shader\03. ConstantBuffer\02. Material">
      <UniqueIdentifier>{e881d413-47c8-4c7e-902d-b1cac5efbf40}</UniqueIdentifier>
    </Filter>
    <Filter Include="06. Render\01. RenderState">
      <UniqueIdentifier>{0c5fb753-1fac-49b5-8184-567371e128bb}</UniqueIdentifier>
    </Filter>
    <Filter Include="07. Editor">
      <UniqueIdentifier>{f6d564c6-3d8a-431f-8b01-6bf6f99cf9cf}</UniqueIdentifier>
    </Filter>
    <Filter Include="07. Editor\01. IMGUI">
      <UniqueIdentifier>{90710989-b250-433a-9738-f7fa8a8457f5}</UniqueIdentifier>
    </Filter>
    <Filter Include="07. Editor\02. Window">
      <UniqueIdentifier>{cb3825ec-90f1-4802-9134-5e6117035617}</UniqueIdentifier>
    </Filter>
    <Filter Include="07. Editor\03. Widget">
      <UniqueIdentifier>{202f58f5-5b00-497e-a640-ffc859556652}</UniqueIdentifier>
    </Filter>
    <Filter Include="02. Resource\05. Animation">
      <UniqueIdentifier>{2657ed3a-2668-4eeb-ab75-468d73d4bfbb}</UniqueIdentifier>
    </Filter>
    <Filter Include="02. Resource\05. Animation\01. 2D">
      <UniqueIdentifier>{c95aca3c-13f1-4c00-b0f3-84a667121f29}</UniqueIdentifier>
    </Filter>
    <Filter Include="02. Resource\05. Animation\02. 3D">
      <UniqueIdentifier>{7d54a41a-ea7c-4950-8760-0ef0e51730f2}</UniqueIdentifier>
    </Filter>
    <Filter Include="08. Animation">
      <UniqueIdentifier>{52db85a9-84b1-4e60-b18b-c17a6222fa16}</UniqueIdentifier>
    </Filter>
    <Filter Include="08. Animation\01. 2D">
      <UniqueIdentifier>{e81753e3-addb-4899-b76f-805f0ce8a8a0}</UniqueIdentifier>
    </Filter>
    <Filter Include="08. Animation\02. 3D">
      <UniqueIdentifier>{1d6312d6-6142-4c06-b5c3-016df3515a38}</UniqueIdentifier>
    </Filter>
    <Filter Include="02. Resource\02. Shader\03. ConstantBuffer\03. Animation2D">
      <UniqueIdentifier>{23edd93b-c2ae-4bba-ad09-16dde4310719}</UniqueIdentifier>
    </Filter>
    <Filter Include="01. Manager\08. Collision">
      <UniqueIdentifier>{b67651a5-4589-4ba6-acc4-5e6f684a5351}</UniqueIdentifier>
    </Filter>
    <Filter Include="05. Component\01. SceneComponent\04. Collider">
      <UniqueIdentifier>{f57ec82d-ef42-4ac5-9f8b-345f9876f5a2}</UniqueIdentifier>
    </Filter>
    <Filter Include="05. Component\01. SceneComponent\04. Collider\01. 2D">
      <UniqueIdentifier>{cb09cba6-ccb5-445a-a629-12b6e2813a68}</UniqueIdentifier>
    </Filter>
    <Filter Include="05. Component\01. SceneComponent\04. Collider\02 3D">
      <UniqueIdentifier>{756032c4-aefd-4f4d-acec-13fcbeda8311}</UniqueIdentifier>
    </Filter>
    <Filter Include="03. Scene\04. Collision">
      <UniqueIdentifier>{c6542749-c553-4ebc-93a8-f68a2d4cb7da}</UniqueIdentifier>
    </Filter>
    <Filter Include="02. Resource\02. Shader\02. ShaderClass\02. Collider">
      <UniqueIdentifier>{751b21b1-d6b1-4f24-a8c1-d5dbd0feb4c0}</UniqueIdentifier>
    </Filter>
    <Filter Include="02. Resource\02. Shader\03. ConstantBuffer\04. Collider">
      <UniqueIdentifier>{1cab03e0-6d3e-4f0e-8d8f-2be437cc5782}</UniqueIdentifier>
    </Filter>
    <Filter Include="09. UI">
      <UniqueIdentifier>{4aa3a47c-651e-4d52-b399-25918cc5ecc8}</UniqueIdentifier>
    </Filter>
    <Filter Include="09. UI\01. Window">
      <UniqueIdentifier>{ffbad27b-00d9-4722-be14-0a43afc43b7d}</UniqueIdentifier>
    </Filter>
    <Filter Include="09. UI\02. Widget">
      <UniqueIdentifier>{d7e8bf6b-5da9-45a5-9469-6b57789d64ba}</UniqueIdentifier>
    </Filter>
    <Filter Include="03. Scene\05. Viewport">
      <UniqueIdentifier>{9d7ac62c-3089-4de3-829b-402c1e8ddd9d}</UniqueIdentifier>
    </Filter>
    <Filter Include="02. Resource\02. Shader\02. ShaderClass\03. UI">
      <UniqueIdentifier>{a0d98b73-f005-418c-9aab-5eed0d451172}</UniqueIdentifier>
    </Filter>
    <Filter Include="02. Resource\02. Shader\03. ConstantBuffer\05. UI">
      <UniqueIdentifier>{7978e955-b448-4d02-8041-89ecfdef99e6}</UniqueIdentifier>
    </Filter>
    <Filter Include="02. Resource\06. Sound">
      <UniqueIdentifier>{f647ba0f-4022-40c3-b375-aaac8a4bed4d}</UniqueIdentifier>
    </Filter>
    <Filter Include="02. Resource\06. Sound\01. FMOD">
      <UniqueIdentifier>{9554e242-7a8a-4dd9-bdab-d667ed500061}</UniqueIdentifier>
    </Filter>
    <Filter Include="01. Manager\09. Setting">
      <UniqueIdentifier>{3ae37f1f-1fd2-4011-95c9-50c07abc5309}</UniqueIdentifier>
    </Filter>
    <Filter Include="02. Resource\07. Font">
      <UniqueIdentifier>{f6e36326-7e28-4cc2-99b5-af0673bb857e}</UniqueIdentifier>
    </Filter>
    <Filter Include="01. Manager\10. Thread">
      <UniqueIdentifier>{dace6ab4-c87d-4c79-b4ef-78bbe7d4aee9}</UniqueIdentifier>
    </Filter>
    <Filter Include="05. Component\01. SceneComponent\01. Primitive\01. 2D">
      <UniqueIdentifier>{6bb13f38-abf6-4dfd-954b-a661870c754f}</UniqueIdentifier>
    </Filter>
    <Filter Include="05. Component\01. SceneComponent\01. Primitive\02. 3D">
      <UniqueIdentifier>{15252881-846e-4361-850d-742143afb39b}</UniqueIdentifier>
    </Filter>
    <Filter Include="02. Resource\02. Shader\02. ShaderClass\04. TileMap">
      <UniqueIdentifier>{a878562a-1871-4dd9-86ae-6b952aa4ff89}</UniqueIdentifier>
    </Filter>
    <Filter Include="02. Resource\02. Shader\03. ConstantBuffer\06. TileMap">
      <UniqueIdentifier>{6f142a93-e34d-4f9c-adfd-80d6e96489ec}</UniqueIdentifier>
    </Filter>
    <Filter Include="02. Resource\02. Shader\04. StructuredBuffer">
      <UniqueIdentifier>{406d135b-a9c6-4b46-a256-0b17e9e16398}</UniqueIdentifier>
    </Filter>
    <Filter Include="05. Component\02. ObjectComponent\01. NavAgent">
      <UniqueIdentifier>{b2492802-9dd6-4776-b7d8-aa31fe619e41}</UniqueIdentifier>
    </Filter>
    <Filter Include="01. Manager\10. Thread\01. Loading">
      <UniqueIdentifier>{a5de982c-6b15-4d8a-a398-4df903273112}</UniqueIdentifier>
    </Filter>
    <Filter Include="01. Manager\10. Thread\02. Navigation">
      <UniqueIdentifier>{e7574821-5e85-4a69-baed-b7dc39de0c8b}</UniqueIdentifier>
    </Filter>
    <Filter Include="03. Scene\06. Navigation">
      <UniqueIdentifier>{5bf64ff1-0228-446d-b593-a158b48d77af}</UniqueIdentifier>
    </Filter>
    <Filter Include="02. Resource\02. Shader\02. ShaderClass\05. Particle">
      <UniqueIdentifier>{43877fce-1c6e-4115-8edd-09f5deeb925a}</UniqueIdentifier>
    </Filter>
    <Filter Include="02. Resource\02. Shader\02. ShaderClass\06. Mesh">
      <UniqueIdentifier>{250d2771-e263-44b0-8596-7979ad9520b9}</UniqueIdentifier>
    </Filter>
    <Filter Include="02. Resource\02. Shader\02. ShaderClass\07. Debug">
      <UniqueIdentifier>{8b9cdf42-d151-4d26-9958-bd0c1cdf3489}</UniqueIdentifier>
    </Filter>
    <Filter Include="02. Resource\02. Shader\03. ConstantBuffer\07. Global">
      <UniqueIdentifier>{05fab081-3014-475f-9faa-5ee76a596eda}</UniqueIdentifier>
    </Filter>
    <Filter Include="05. Component\01. SceneComponent\05. Light">
      <UniqueIdentifier>{8ad175f1-ea0c-4516-aa7c-9e68d3755105}</UniqueIdentifier>
    </Filter>
    <Filter Include="02. Resource\02. Shader\03. ConstantBuffer\08. Light">
      <UniqueIdentifier>{8e3aaa4a-9619-41e2-a081-069f7c2dbc08}</UniqueIdentifier>
    </Filter>
    <Filter Include="03. Scene\07. Light">
      <UniqueIdentifier>{c90587f3-8ce4-42dc-ac41-755dadb5de50}</UniqueIdentifier>
    </Filter>
    <Filter Include="02. Resource\02. Shader\02. ShaderClass\08. Light">
      <UniqueIdentifier>{1b0c341c-cef4-4805-bd4a-8756606123e4}</UniqueIdentifier>
    </Filter>
    <Filter Include="02. Resource\02. Shader\02. ShaderClass\09. Screen">
      <UniqueIdentifier>{9b9cd47d-1f22-400c-b969-ade3713d02c0}</UniqueIdentifier>
    </Filter>
    <Filter Include="02. Resource\02. Shader\02. ShaderClass\10. Deferred">
      <UniqueIdentifier>{a46cea64-10db-4869-8859-461093968e83}</UniqueIdentifier>
    </Filter>
    <Filter Include="02. Resource\02. Shader\03. ConstantBuffer\09. Animation3D">
      <UniqueIdentifier>{de7634f5-efec-402c-8497-85ec16fd3c46}</UniqueIdentifier>
    </Filter>
    <Filter Include="02. Resource\02. Shader\02. ShaderClass\11 Animation">
      <UniqueIdentifier>{b6f6eab6-637c-4241-855a-a42d4c0f122e}</UniqueIdentifier>
    </Filter>
    <Filter Include="06. Render\02. Instancing">
      <UniqueIdentifier>{33879333-daeb-431a-8a66-474eeca2bb80}</UniqueIdentifier>
    </Filter>
    <Filter Include="02. Resource\02. Shader\03. ConstantBuffer\10. Instancing">
      <UniqueIdentifier>{000592dc-d18a-4ffc-bb51-e1eec9696b37}</UniqueIdentifier>
    </Filter>
    <Filter Include="02. Resource\02. Shader\02. ShaderClass\12. Sky">
      <UniqueIdentifier>{80d44baf-b72f-4006-a71b-668c3dbff13c}</UniqueIdentifier>
    </Filter>
    <Filter Include="02. Resource\02. Shader\02. ShaderClass\13. Terrain">
      <UniqueIdentifier>{9f583153-fa9d-4e7c-a98c-fbd98d1cc94a}</UniqueIdentifier>
    </Filter>
    <Filter Include="02. Resource\02. Shader\03. ConstantBuffer\11. Terrain">
      <UniqueIdentifier>{639d720b-a026-42b9-8add-75dd9933e62f}</UniqueIdentifier>
    </Filter>
    <Filter Include="05. Component\01. SceneComponent\06. RigidBody">
      <UniqueIdentifier>{f8dc12a7-1654-406c-a73a-3b0dd21cbf39}</UniqueIdentifier>
    </Filter>
  </ItemGroup>
  <ItemGroup>
    <ClInclude Include="Engine.h">
      <Filter>01. Manager</Filter>
    </ClInclude>
    <ClInclude Include="Device.h">
      <Filter>01. Manager\01. Device</Filter>
    </ClInclude>
    <ClInclude Include="EngineMath.h">
      <Filter>01. Manager\02. Math</Filter>
    </ClInclude>
    <ClInclude Include="Vector2.h">
      <Filter>01. Manager\02. Math</Filter>
    </ClInclude>
    <ClInclude Include="Vector3.h">
      <Filter>01. Manager\02. Math</Filter>
    </ClInclude>
    <ClInclude Include="Vector4.h">
      <Filter>01. Manager\02. Math</Filter>
    </ClInclude>
    <ClInclude Include="Flag.h">
      <Filter>헤더 파일</Filter>
    </ClInclude>
    <ClInclude Include="Matrix.h">
      <Filter>01. Manager\02. Math</Filter>
    </ClInclude>
    <ClInclude Include="Resource\ResourceManager.h">
      <Filter>02. Resource</Filter>
    </ClInclude>
    <ClInclude Include="Resource\Mesh\MeshManager.h">
      <Filter>02. Resource\01. Mesh</Filter>
    </ClInclude>
    <ClInclude Include="Ref.h">
      <Filter>01. Manager\03. Ref</Filter>
    </ClInclude>
    <ClInclude Include="Timer.h">
      <Filter>01. Manager\04. Timer</Filter>
    </ClInclude>
    <ClInclude Include="Resource\Mesh\Mesh.h">
      <Filter>02. Resource\01. Mesh</Filter>
    </ClInclude>
    <ClInclude Include="Resource\Mesh\SpriteMesh.h">
      <Filter>02. Resource\01. Mesh</Filter>
    </ClInclude>
    <ClInclude Include="SharedPtr.h">
      <Filter>01. Manager\05. SharedPtr</Filter>
    </ClInclude>
    <ClInclude Include="PathManager.h">
      <Filter>01. Manager\06. Path</Filter>
    </ClInclude>
    <ClInclude Include="Resource\Shader\ComputeShader.h">
      <Filter>02. Resource\02. Shader\02. ShaderClass</Filter>
    </ClInclude>
    <ClInclude Include="Resource\Shader\GraphicShader.h">
      <Filter>02. Resource\02. Shader\02. ShaderClass</Filter>
    </ClInclude>
    <ClInclude Include="Resource\Shader\Shader.h">
      <Filter>02. Resource\02. Shader\02. ShaderClass</Filter>
    </ClInclude>
    <ClInclude Include="Resource\Shader\SpriteColorShader.h">
      <Filter>02. Resource\02. Shader\02. ShaderClass\01. Sprite</Filter>
    </ClInclude>
    <ClInclude Include="Resource\Shader\ShaderManager.h">
      <Filter>02. Resource\02. Shader</Filter>
    </ClInclude>
    <ClInclude Include="Scene\SceneManager.h">
      <Filter>03. Scene</Filter>
    </ClInclude>
    <ClInclude Include="Scene\Scene.h">
      <Filter>03. Scene</Filter>
    </ClInclude>
    <ClInclude Include="Scene\SceneInfo.h">
      <Filter>03. Scene\01. SceneInfo</Filter>
    </ClInclude>
    <ClInclude Include="Component\Component.h">
      <Filter>05. Component</Filter>
    </ClInclude>
    <ClInclude Include="Component\SceneComponent.h">
      <Filter>05. Component\01. SceneComponent</Filter>
    </ClInclude>
    <ClInclude Include="Component\ObjectComponent.h">
      <Filter>05. Component\02. ObjectComponent</Filter>
    </ClInclude>
    <ClInclude Include="Component\PrimitiveComponent.h">
      <Filter>05. Component\01. SceneComponent\01. Primitive</Filter>
    </ClInclude>
    <ClInclude Include="Component\Transform.h">
      <Filter>05. Component\01. SceneComponent</Filter>
    </ClInclude>
    <ClInclude Include="Scene\SceneResource.h">
      <Filter>03. Scene\02. Resource</Filter>
    </ClInclude>
    <ClInclude Include="Render\RenderManager.h">
      <Filter>06. Render</Filter>
    </ClInclude>
    <ClInclude Include="Resource\Shader\ConstantBuffer.h">
      <Filter>02. Resource\02. Shader\03. ConstantBuffer</Filter>
    </ClInclude>
    <ClInclude Include="Resource\Shader\ConstantBufferData.h">
      <Filter>02. Resource\02. Shader\03. ConstantBuffer</Filter>
    </ClInclude>
    <ClInclude Include="Resource\Shader\TransformConstantBuffer.h">
      <Filter>02. Resource\02. Shader\03. ConstantBuffer\01. Transform</Filter>
    </ClInclude>
    <ClInclude Include="Input.h">
      <Filter>01. Manager\07. Input</Filter>
    </ClInclude>
    <ClInclude Include="Component\CameraComponent.h">
      <Filter>05. Component\01. SceneComponent\02. Camera</Filter>
    </ClInclude>
    <ClInclude Include="Scene\CameraManager.h">
      <Filter>03. Scene\03. Camera</Filter>
    </ClInclude>
    <ClInclude Include="Component\TargetArm.h">
      <Filter>05. Component\01. SceneComponent\03. Arm</Filter>
    </ClInclude>
    <ClInclude Include="Resource\Texture\DirectXTex.h">
      <Filter>02. Resource\03. Texture</Filter>
    </ClInclude>
    <ClInclude Include="Resource\Texture\Texture.h">
      <Filter>02. Resource\03. Texture</Filter>
    </ClInclude>
    <ClInclude Include="Resource\Texture\TextureManager.h">
      <Filter>02. Resource\03. Texture</Filter>
    </ClInclude>
    <ClInclude Include="Resource\Shader\SpriteShader.h">
      <Filter>02. Resource\02. Shader\02. ShaderClass\01. Sprite</Filter>
    </ClInclude>
    <ClInclude Include="Resource\Material\MaterialManager.h">
      <Filter>02. Resource\04. Material</Filter>
    </ClInclude>
    <ClInclude Include="Resource\Material\Material.h">
      <Filter>02. Resource\04. Material</Filter>
    </ClInclude>
    <ClInclude Include="Resource\Shader\MaterialConstantBuffer.h">
      <Filter>02. Resource\02. Shader\03. ConstantBuffer\02. Material</Filter>
    </ClInclude>
    <ClInclude Include="Render\BlendState.h">
      <Filter>06. Render\01. RenderState</Filter>
    </ClInclude>
    <ClInclude Include="Render\RenderState.h">
      <Filter>06. Render\01. RenderState</Filter>
    </ClInclude>
    <ClInclude Include="Render\RenderStateManager.h">
      <Filter>06. Render\01. RenderState</Filter>
    </ClInclude>
    <ClInclude Include="Render\DepthStencilState.h">
      <Filter>06. Render\01. RenderState</Filter>
    </ClInclude>
    <ClInclude Include="imgui_impl_dx11.h">
      <Filter>07. Editor\01. IMGUI</Filter>
    </ClInclude>
    <ClInclude Include="imgui_impl_win32.h">
      <Filter>07. Editor\01. IMGUI</Filter>
    </ClInclude>
    <ClInclude Include="imgui_internal.h">
      <Filter>07. Editor\01. IMGUI</Filter>
    </ClInclude>
    <ClInclude Include="imstb_rectpack.h">
      <Filter>07. Editor\01. IMGUI</Filter>
    </ClInclude>
    <ClInclude Include="imstb_textedit.h">
      <Filter>07. Editor\01. IMGUI</Filter>
    </ClInclude>
    <ClInclude Include="imstb_truetype.h">
      <Filter>07. Editor\01. IMGUI</Filter>
    </ClInclude>
    <ClInclude Include="imconfig.h">
      <Filter>07. Editor\01. IMGUI</Filter>
    </ClInclude>
    <ClInclude Include="imgui.h">
      <Filter>07. Editor\01. IMGUI</Filter>
    </ClInclude>
    <ClInclude Include="Editor\EditorGUIManager.h">
      <Filter>07. Editor</Filter>
    </ClInclude>
    <ClInclude Include="Editor\EditorInfo.h">
      <Filter>07. Editor</Filter>
    </ClInclude>
    <ClInclude Include="Editor\EditorWindow.h">
      <Filter>07. Editor\02. Window</Filter>
    </ClInclude>
    <ClInclude Include="Editor\EditorWidget.h">
      <Filter>07. Editor\03. Widget</Filter>
    </ClInclude>
    <ClInclude Include="Editor\EditorButton.h">
      <Filter>07. Editor\03. Widget</Filter>
    </ClInclude>
    <ClInclude Include="Editor\EditorSameLine.h">
      <Filter>07. Editor\03. Widget</Filter>
    </ClInclude>
    <ClInclude Include="Editor\EditorLabel.h">
      <Filter>07. Editor\03. Widget</Filter>
    </ClInclude>
    <ClInclude Include="Editor\EditorImage.h">
      <Filter>07. Editor\03. Widget</Filter>
    </ClInclude>
    <ClInclude Include="Editor\EditorText.h">
      <Filter>07. Editor\03. Widget</Filter>
    </ClInclude>
    <ClInclude Include="Editor\EditorInput.h">
      <Filter>07. Editor\03. Widget</Filter>
    </ClInclude>
    <ClInclude Include="Editor\EditorListBox.h">
      <Filter>07. Editor\03. Widget</Filter>
    </ClInclude>
    <ClInclude Include="Editor\EditorComboBox.h">
      <Filter>07. Editor\03. Widget</Filter>
    </ClInclude>
    <ClInclude Include="Editor\EditorTreeItem.h">
      <Filter>07. Editor\03. Widget</Filter>
    </ClInclude>
    <ClInclude Include="Editor\EditorTree.h">
      <Filter>07. Editor\03. Widget</Filter>
    </ClInclude>
    <ClInclude Include="GameObject\GameObject.h">
      <Filter>04. GameObject</Filter>
    </ClInclude>
    <ClInclude Include="Resource\Animation\AnimationManager.h">
      <Filter>02. Resource\05. Animation</Filter>
    </ClInclude>
    <ClInclude Include="Resource\Animation\AnimationSequence2D.h">
      <Filter>02. Resource\05. Animation\01. 2D</Filter>
    </ClInclude>
    <ClInclude Include="Animation\Animation2D.h">
      <Filter>08. Animation\01. 2D</Filter>
    </ClInclude>
    <ClInclude Include="Animation\Animation2DData.h">
      <Filter>08. Animation\01. 2D</Filter>
    </ClInclude>
    <ClInclude Include="Resource\Shader\Animation2DConstantBuffer.h">
      <Filter>02. Resource\02. Shader\03. ConstantBuffer\03. Animation2D</Filter>
    </ClInclude>
    <ClInclude Include="CollisionManager.h">
      <Filter>01. Manager\08. Collision</Filter>
    </ClInclude>
    <ClInclude Include="Component\Collider3D.h">
      <Filter>05. Component\01. SceneComponent\04. Collider\02 3D</Filter>
    </ClInclude>
    <ClInclude Include="Component\Collider.h">
      <Filter>05. Component\01. SceneComponent\04. Collider</Filter>
    </ClInclude>
    <ClInclude Include="Component\Collider2D.h">
      <Filter>05. Component\01. SceneComponent\04. Collider\01. 2D</Filter>
    </ClInclude>
    <ClInclude Include="Component\ColliderBox2D.h">
      <Filter>05. Component\01. SceneComponent\04. Collider\01. 2D</Filter>
    </ClInclude>
    <ClInclude Include="Component\ColliderOBB2D.h">
      <Filter>05. Component\01. SceneComponent\04. Collider\01. 2D</Filter>
    </ClInclude>
    <ClInclude Include="Component\ColliderPixel.h">
      <Filter>05. Component\01. SceneComponent\04. Collider\01. 2D</Filter>
    </ClInclude>
    <ClInclude Include="Component\ColliderSphere2D.h">
      <Filter>05. Component\01. SceneComponent\04. Collider\01. 2D</Filter>
    </ClInclude>
    <ClInclude Include="Scene\SceneCollision.h">
      <Filter>03. Scene\04. Collision</Filter>
    </ClInclude>
    <ClInclude Include="Scene\CollisionSection3D.h">
      <Filter>03. Scene\04. Collision</Filter>
    </ClInclude>
    <ClInclude Include="Scene\CollisionSection2D.h">
      <Filter>03. Scene\04. Collision</Filter>
    </ClInclude>
    <ClInclude Include="Resource\Shader\ColliderShader.h">
      <Filter>02. Resource\02. Shader\02. ShaderClass\02. Collider</Filter>
    </ClInclude>
    <ClInclude Include="Resource\Shader\ColliderConstantBuffer.h">
      <Filter>02. Resource\02. Shader\03. ConstantBuffer\04. Collider</Filter>
    </ClInclude>
    <ClInclude Include="Resource\Shader\ColliderImageShader.h">
      <Filter>02. Resource\02. Shader\02. ShaderClass\02. Collider</Filter>
    </ClInclude>
    <ClInclude Include="UI\UIWindow.h">
      <Filter>09. UI\01. Window</Filter>
    </ClInclude>
    <ClInclude Include="Scene\SceneViewport.h">
      <Filter>03. Scene\05. Viewport</Filter>
    </ClInclude>
    <ClInclude Include="UI\UIWidget.h">
      <Filter>09. UI\02. Widget</Filter>
    </ClInclude>
    <ClInclude Include="UI\UIButton.h">
      <Filter>09. UI\02. Widget</Filter>
    </ClInclude>
    <ClInclude Include="Resource\Shader\UIShader.h">
      <Filter>02. Resource\02. Shader\02. ShaderClass\03. UI</Filter>
    </ClInclude>
    <ClInclude Include="Resource\Shader\UIConstantBuffer.h">
      <Filter>02. Resource\02. Shader\03. ConstantBuffer\05. UI</Filter>
    </ClInclude>
    <ClInclude Include="fmod_common.h">
      <Filter>02. Resource\06. Sound\01. FMOD</Filter>
    </ClInclude>
    <ClInclude Include="fmod_dsp.h">
      <Filter>02. Resource\06. Sound\01. FMOD</Filter>
    </ClInclude>
    <ClInclude Include="fmod_dsp_effects.h">
      <Filter>02. Resource\06. Sound\01. FMOD</Filter>
    </ClInclude>
    <ClInclude Include="fmod_errors.h">
      <Filter>02. Resource\06. Sound\01. FMOD</Filter>
    </ClInclude>
    <ClInclude Include="fmod_output.h">
      <Filter>02. Resource\06. Sound\01. FMOD</Filter>
    </ClInclude>
    <ClInclude Include="fmod.h">
      <Filter>02. Resource\06. Sound\01. FMOD</Filter>
    </ClInclude>
    <ClInclude Include="fmod.hpp">
      <Filter>02. Resource\06. Sound\01. FMOD</Filter>
    </ClInclude>
    <ClInclude Include="fmod_codec.h">
      <Filter>02. Resource\06. Sound\01. FMOD</Filter>
    </ClInclude>
    <ClInclude Include="Resource\Sound\Sound.h">
      <Filter>02. Resource\06. Sound</Filter>
    </ClInclude>
    <ClInclude Include="Resource\Sound\SoundManager.h">
      <Filter>02. Resource\06. Sound</Filter>
    </ClInclude>
    <ClInclude Include="UI\UIImage.h">
      <Filter>09. UI\02. Widget</Filter>
    </ClInclude>
    <ClInclude Include="EngineSetting.h">
      <Filter>01. Manager\09. Setting</Filter>
    </ClInclude>
    <ClInclude Include="Resource\Font\Font.h">
      <Filter>02. Resource\07. Font</Filter>
    </ClInclude>
    <ClInclude Include="Resource\Font\FontManager.h">
      <Filter>02. Resource\07. Font</Filter>
    </ClInclude>
    <ClInclude Include="Resource\Font\FontCollection.h">
      <Filter>02. Resource\07. Font</Filter>
    </ClInclude>
    <ClInclude Include="UI\UIText.h">
      <Filter>09. UI\02. Widget</Filter>
    </ClInclude>
    <ClInclude Include="UI\UIProgressBar.h">
      <Filter>09. UI\02. Widget</Filter>
    </ClInclude>
    <ClInclude Include="Resource\Shader\UIProgressBarShader.h">
      <Filter>02. Resource\02. Shader\02. ShaderClass\03. UI</Filter>
    </ClInclude>
    <ClInclude Include="Resource\Shader\UIProgressBarConstantBuffer.h">
      <Filter>02. Resource\02. Shader\03. ConstantBuffer\05. UI</Filter>
    </ClInclude>
    <ClInclude Include="UI\UINumber.h">
      <Filter>09. UI\02. Widget</Filter>
    </ClInclude>
    <ClInclude Include="Editor\EditorGroup.h">
      <Filter>07. Editor\03. Widget</Filter>
    </ClInclude>
    <ClInclude Include="Editor\EditorCheckBox.h">
      <Filter>07. Editor\03. Widget</Filter>
    </ClInclude>
    <ClInclude Include="Thread\Thread.h">
      <Filter>01. Manager\10. Thread</Filter>
    </ClInclude>
    <ClInclude Include="Thread\ThreadManager.h">
      <Filter>01. Manager\10. Thread</Filter>
    </ClInclude>
    <ClInclude Include="Thread\Sync.h">
      <Filter>01. Manager\10. Thread</Filter>
    </ClInclude>
    <ClInclude Include="Thread\DataStream.h">
      <Filter>01. Manager\10. Thread</Filter>
    </ClInclude>
    <ClInclude Include="Thread\ThreadQueue.h">
      <Filter>01. Manager\10. Thread</Filter>
    </ClInclude>
    <ClInclude Include="Component\SpriteComponent.h">
      <Filter>05. Component\01. SceneComponent\01. Primitive\01. 2D</Filter>
    </ClInclude>
    <ClInclude Include="Component\Tile.h">
      <Filter>05. Component\01. SceneComponent\01. Primitive\01. 2D</Filter>
    </ClInclude>
    <ClInclude Include="Component\TileMapComponent.h">
      <Filter>05. Component\01. SceneComponent\01. Primitive\01. 2D</Filter>
    </ClInclude>
    <ClInclude Include="Resource\Shader\TileMapConstantBuffer.h">
      <Filter>02. Resource\02. Shader\03. ConstantBuffer\06. TileMap</Filter>
    </ClInclude>
    <ClInclude Include="Resource\Shader\TileMapShader.h">
      <Filter>02. Resource\02. Shader\02. ShaderClass\04. TileMap</Filter>
    </ClInclude>
    <ClInclude Include="Resource\Shader\StructuredBuffer.h">
      <Filter>02. Resource\02. Shader\04. StructuredBuffer</Filter>
    </ClInclude>
    <ClInclude Include="Resource\Shader\TileMapBackShader.h">
      <Filter>02. Resource\02. Shader\02. ShaderClass\04. TileMap</Filter>
    </ClInclude>
    <ClInclude Include="Component\NavigationAgent.h">
      <Filter>05. Component\02. ObjectComponent\01. NavAgent</Filter>
    </ClInclude>
    <ClInclude Include="Thread\LoadingThread.h">
      <Filter>01. Manager\10. Thread\01. Loading</Filter>
    </ClInclude>
    <ClInclude Include="Thread\Navigation.h">
      <Filter>01. Manager\10. Thread\02. Navigation</Filter>
    </ClInclude>
    <ClInclude Include="Thread\NavigationThread.h">
      <Filter>01. Manager\10. Thread\02. Navigation</Filter>
    </ClInclude>
    <ClInclude Include="Scene\NavigationManager.h">
      <Filter>03. Scene\06. Navigation</Filter>
    </ClInclude>
    <ClInclude Include="Resource\Mesh\StaticMesh.h">
      <Filter>02. Resource\01. Mesh</Filter>
    </ClInclude>
    <ClInclude Include="Resource\Mesh\AnimationMesh.h">
      <Filter>02. Resource\01. Mesh</Filter>
    </ClInclude>
    <ClInclude Include="Resource\Mesh\FBXLoader.h">
      <Filter>02. Resource\01. Mesh</Filter>
    </ClInclude>
    <ClInclude Include="Resource\Mesh\fbxsdk.h">
      <Filter>02. Resource\01. Mesh</Filter>
    </ClInclude>
    <ClInclude Include="Component\AnimationMeshComponent.h">
      <Filter>05. Component\01. SceneComponent\01. Primitive\02. 3D</Filter>
    </ClInclude>
    <ClInclude Include="Component\StaticMeshComponent.h">
      <Filter>05. Component\01. SceneComponent\01. Primitive\02. 3D</Filter>
    </ClInclude>
    <ClInclude Include="Resource\Shader\MeshShader.h">
      <Filter>02. Resource\02. Shader\02. ShaderClass\06. Mesh</Filter>
    </ClInclude>
    <ClInclude Include="Resource\Texture\RenderTarget.h">
      <Filter>02. Resource\03. Texture</Filter>
    </ClInclude>
    <ClInclude Include="Resource\Shader\DebugShader.h">
      <Filter>02. Resource\02. Shader\02. ShaderClass\07. Debug</Filter>
    </ClInclude>
    <ClInclude Include="Resource\Shader\GlobalConstantBuffer.h">
      <Filter>02. Resource\02. Shader\03. ConstantBuffer\07. Global</Filter>
    </ClInclude>
    <ClInclude Include="Component\LightComponent.h">
      <Filter>05. Component\01. SceneComponent\05. Light</Filter>
    </ClInclude>
    <ClInclude Include="Resource\Shader\LightConstantBuffer.h">
      <Filter>02. Resource\02. Shader\03. ConstantBuffer\08. Light</Filter>
    </ClInclude>
    <ClInclude Include="Scene\LightManager.h">
      <Filter>03. Scene\07. Light</Filter>
    </ClInclude>
    <ClInclude Include="Resource\Shader\LightAccShader.h">
      <Filter>02. Resource\02. Shader\02. ShaderClass\08. Light</Filter>
    </ClInclude>
    <ClInclude Include="Resource\Shader\ScreenShader.h">
      <Filter>02. Resource\02. Shader\02. ShaderClass\09. Screen</Filter>
    </ClInclude>
    <ClInclude Include="Resource\Shader\DeferredRenderShader.h">
      <Filter>02. Resource\02. Shader\02. ShaderClass\10. Deferred</Filter>
    </ClInclude>
    <ClInclude Include="Resource\Animation\AnimationSequence.h">
      <Filter>02. Resource\05. Animation\02. 3D</Filter>
    </ClInclude>
    <ClInclude Include="Resource\Animation\Skeleton.h">
      <Filter>02. Resource\05. Animation\02. 3D</Filter>
    </ClInclude>
    <ClInclude Include="Animation\AnimationData.h">
      <Filter>08. Animation\02. 3D</Filter>
    </ClInclude>
    <ClInclude Include="Animation\Animation.h">
      <Filter>08. Animation\02. 3D</Filter>
    </ClInclude>
    <ClInclude Include="Resource\Shader\AnimationUpdateConstantBuffer.h">
      <Filter>02. Resource\02. Shader\03. ConstantBuffer\09. Animation3D</Filter>
    </ClInclude>
    <ClInclude Include="Resource\Shader\AnimationUpdateShader.h">
      <Filter>02. Resource\02. Shader\02. ShaderClass\11 Animation</Filter>
    </ClInclude>
    <ClInclude Include="Render\RenderInstancing.h">
      <Filter>06. Render\02. Instancing</Filter>
    </ClInclude>
    <ClInclude Include="Resource\Shader\MeshInstancingShader.h">
      <Filter>02. Resource\02. Shader\02. ShaderClass\06. Mesh</Filter>
    </ClInclude>
    <ClInclude Include="Resource\Shader\InstancingConstantBuffer.h">
      <Filter>02. Resource\02. Shader\03. ConstantBuffer\10. Instancing</Filter>
    </ClInclude>
    <ClInclude Include="Resource\Animation\SkeletonSocket.h">
      <Filter>02. Resource\05. Animation\02. 3D</Filter>
    </ClInclude>
    <ClInclude Include="GameObject\SkySphere.h">
      <Filter>04. GameObject</Filter>
    </ClInclude>
    <ClInclude Include="Component\TerrainComponent.h">
      <Filter>05. Component\01. SceneComponent\01. Primitive\02. 3D</Filter>
    </ClInclude>
    <ClInclude Include="Render\RasterizerState.h">
      <Filter>06. Render\01. RenderState</Filter>
    </ClInclude>
    <ClInclude Include="EngineInfo.h">
      <Filter>헤더 파일</Filter>
    </ClInclude>
    <ClInclude Include="Resource\Shader\SkyShader.h">
      <Filter>02. Resource\02. Shader\02. ShaderClass\12. Sky</Filter>
    </ClInclude>
    <ClInclude Include="Resource\Shader\TerrainShader.h">
      <Filter>02. Resource\02. Shader\02. ShaderClass\13. Terrain</Filter>
    </ClInclude>
    <ClInclude Include="Resource\Shader\TerrainConstantBuffer.h">
      <Filter>02. Resource\02. Shader\03. ConstantBuffer\11. Terrain</Filter>
    </ClInclude>
    <ClInclude Include="Editor\EditorSlider.h">
      <Filter>07. Editor\03. Widget</Filter>
    </ClInclude>
    <ClInclude Include="Editor\EditorSliderSingle.h">
      <Filter>07. Editor\03. Widget</Filter>
    </ClInclude>
    <ClInclude Include="Editor\EditorCursorPos.h">
      <Filter>07. Editor\03. Widget</Filter>
    </ClInclude>
    <ClInclude Include="Component\RigidBody.h">
      <Filter>05. Component\01. SceneComponent\06. RigidBody</Filter>
    </ClInclude>
  </ItemGroup>
  <ItemGroup>
    <ClCompile Include="Engine.cpp">
      <Filter>01. Manager</Filter>
    </ClCompile>
    <ClCompile Include="Device.cpp">
      <Filter>01. Manager\01. Device</Filter>
    </ClCompile>
    <ClCompile Include="Vector2.cpp">
      <Filter>01. Manager\02. Math</Filter>
    </ClCompile>
    <ClCompile Include="Vector3.cpp">
      <Filter>01. Manager\02. Math</Filter>
    </ClCompile>
    <ClCompile Include="Vector4.cpp">
      <Filter>01. Manager\02. Math</Filter>
    </ClCompile>
    <ClCompile Include="Matrix.cpp">
      <Filter>01. Manager\02. Math</Filter>
    </ClCompile>
    <ClCompile Include="Resource\ResourceManager.cpp">
      <Filter>02. Resource</Filter>
    </ClCompile>
    <ClCompile Include="Resource\Mesh\MeshManager.cpp">
      <Filter>02. Resource\01. Mesh</Filter>
    </ClCompile>
    <ClCompile Include="Ref.cpp">
      <Filter>01. Manager\03. Ref</Filter>
    </ClCompile>
    <ClCompile Include="Timer.cpp">
      <Filter>01. Manager\04. Timer</Filter>
    </ClCompile>
    <ClCompile Include="Resource\Mesh\Mesh.cpp">
      <Filter>02. Resource\01. Mesh</Filter>
    </ClCompile>
    <ClCompile Include="Resource\Mesh\SpriteMesh.cpp">
      <Filter>02. Resource\01. Mesh</Filter>
    </ClCompile>
    <ClCompile Include="PathManager.cpp">
      <Filter>01. Manager\06. Path</Filter>
    </ClCompile>
    <ClCompile Include="Resource\Shader\ComputeShader.cpp">
      <Filter>02. Resource\02. Shader\02. ShaderClass</Filter>
    </ClCompile>
    <ClCompile Include="Resource\Shader\GraphicShader.cpp">
      <Filter>02. Resource\02. Shader\02. ShaderClass</Filter>
    </ClCompile>
    <ClCompile Include="Resource\Shader\Shader.cpp">
      <Filter>02. Resource\02. Shader\02. ShaderClass</Filter>
    </ClCompile>
    <ClCompile Include="Resource\Shader\SpriteColorShader.cpp">
      <Filter>02. Resource\02. Shader\02. ShaderClass\01. Sprite</Filter>
    </ClCompile>
    <ClCompile Include="Resource\Shader\ShaderManager.cpp">
      <Filter>02. Resource\02. Shader</Filter>
    </ClCompile>
    <ClCompile Include="Scene\SceneManager.cpp">
      <Filter>03. Scene</Filter>
    </ClCompile>
    <ClCompile Include="Scene\Scene.cpp">
      <Filter>03. Scene</Filter>
    </ClCompile>
    <ClCompile Include="Scene\SceneInfo.cpp">
      <Filter>03. Scene\01. SceneInfo</Filter>
    </ClCompile>
    <ClCompile Include="Component\Component.cpp">
      <Filter>05. Component</Filter>
    </ClCompile>
    <ClCompile Include="Component\SceneComponent.cpp">
      <Filter>05. Component\01. SceneComponent</Filter>
    </ClCompile>
    <ClCompile Include="Component\ObjectComponent.cpp">
      <Filter>05. Component\02. ObjectComponent</Filter>
    </ClCompile>
    <ClCompile Include="Component\PrimitiveComponent.cpp">
      <Filter>05. Component\01. SceneComponent\01. Primitive</Filter>
    </ClCompile>
    <ClCompile Include="Component\Transform.cpp">
      <Filter>05. Component\01. SceneComponent</Filter>
    </ClCompile>
    <ClCompile Include="Scene\SceneResource.cpp">
      <Filter>03. Scene\02. Resource</Filter>
    </ClCompile>
    <ClCompile Include="Render\RenderManager.cpp">
      <Filter>06. Render</Filter>
    </ClCompile>
    <ClCompile Include="Resource\Shader\ConstantBuffer.cpp">
      <Filter>02. Resource\02. Shader\03. ConstantBuffer</Filter>
    </ClCompile>
    <ClCompile Include="Resource\Shader\ConstantBufferData.cpp">
      <Filter>02. Resource\02. Shader\03. ConstantBuffer</Filter>
    </ClCompile>
    <ClCompile Include="Resource\Shader\TransformConstantBuffer.cpp">
      <Filter>02. Resource\02. Shader\03. ConstantBuffer\01. Transform</Filter>
    </ClCompile>
    <ClCompile Include="Input.cpp">
      <Filter>01. Manager\07. Input</Filter>
    </ClCompile>
    <ClCompile Include="Component\CameraComponent.cpp">
      <Filter>05. Component\01. SceneComponent\02. Camera</Filter>
    </ClCompile>
    <ClCompile Include="Scene\CameraManager.cpp">
      <Filter>03. Scene\03. Camera</Filter>
    </ClCompile>
    <ClCompile Include="Component\TargetArm.cpp">
      <Filter>05. Component\01. SceneComponent\03. Arm</Filter>
    </ClCompile>
    <ClCompile Include="Resource\Texture\Texture.cpp">
      <Filter>02. Resource\03. Texture</Filter>
    </ClCompile>
    <ClCompile Include="Resource\Texture\TextureManager.cpp">
      <Filter>02. Resource\03. Texture</Filter>
    </ClCompile>
    <ClCompile Include="Resource\Shader\SpriteShader.cpp">
      <Filter>02. Resource\02. Shader\02. ShaderClass\01. Sprite</Filter>
    </ClCompile>
    <ClCompile Include="Resource\Material\MaterialManager.cpp">
      <Filter>02. Resource\04. Material</Filter>
    </ClCompile>
    <ClCompile Include="Resource\Material\Material.cpp">
      <Filter>02. Resource\04. Material</Filter>
    </ClCompile>
    <ClCompile Include="Resource\Shader\MaterialConstantBuffer.cpp">
      <Filter>02. Resource\02. Shader\03. ConstantBuffer\02. Material</Filter>
    </ClCompile>
    <ClCompile Include="Render\BlendState.cpp">
      <Filter>06. Render\01. RenderState</Filter>
    </ClCompile>
    <ClCompile Include="Render\RenderState.cpp">
      <Filter>06. Render\01. RenderState</Filter>
    </ClCompile>
    <ClCompile Include="Render\RenderStateManager.cpp">
      <Filter>06. Render\01. RenderState</Filter>
    </ClCompile>
    <ClCompile Include="Render\DepthStencilState.cpp">
      <Filter>06. Render\01. RenderState</Filter>
    </ClCompile>
    <ClCompile Include="imgui_impl_dx11.cpp">
      <Filter>07. Editor\01. IMGUI</Filter>
    </ClCompile>
    <ClCompile Include="imgui_impl_win32.cpp">
      <Filter>07. Editor\01. IMGUI</Filter>
    </ClCompile>
    <ClCompile Include="imgui_tables.cpp">
      <Filter>07. Editor\01. IMGUI</Filter>
    </ClCompile>
    <ClCompile Include="imgui_widgets.cpp">
      <Filter>07. Editor\01. IMGUI</Filter>
    </ClCompile>
    <ClCompile Include="imgui.cpp">
      <Filter>07. Editor\01. IMGUI</Filter>
    </ClCompile>
    <ClCompile Include="imgui_demo.cpp">
      <Filter>07. Editor\01. IMGUI</Filter>
    </ClCompile>
    <ClCompile Include="imgui_draw.cpp">
      <Filter>07. Editor\01. IMGUI</Filter>
    </ClCompile>
    <ClCompile Include="Editor\EditorGUIManager.cpp">
      <Filter>07. Editor</Filter>
    </ClCompile>
    <ClCompile Include="Editor\EditorWindow.cpp">
      <Filter>07. Editor\02. Window</Filter>
    </ClCompile>
    <ClCompile Include="Editor\EditorWidget.cpp">
      <Filter>07. Editor\03. Widget</Filter>
    </ClCompile>
    <ClCompile Include="Editor\EditorButton.cpp">
      <Filter>07. Editor\03. Widget</Filter>
    </ClCompile>
    <ClCompile Include="Editor\EditorSameLine.cpp">
      <Filter>07. Editor\03. Widget</Filter>
    </ClCompile>
    <ClCompile Include="Editor\EditorLabel.cpp">
      <Filter>07. Editor\03. Widget</Filter>
    </ClCompile>
    <ClCompile Include="Editor\EditorImage.cpp">
      <Filter>07. Editor\03. Widget</Filter>
    </ClCompile>
    <ClCompile Include="Editor\EditorText.cpp">
      <Filter>07. Editor\03. Widget</Filter>
    </ClCompile>
    <ClCompile Include="Editor\EditorInput.cpp">
      <Filter>07. Editor\03. Widget</Filter>
    </ClCompile>
    <ClCompile Include="Editor\EditorListBox.cpp">
      <Filter>07. Editor\03. Widget</Filter>
    </ClCompile>
    <ClCompile Include="Editor\EditorComboBox.cpp">
      <Filter>07. Editor\03. Widget</Filter>
    </ClCompile>
    <ClCompile Include="GameObject\GameObject.cpp">
      <Filter>04. GameObject</Filter>
    </ClCompile>
    <ClCompile Include="Resource\Animation\AnimationManager.cpp">
      <Filter>02. Resource\05. Animation</Filter>
    </ClCompile>
    <ClCompile Include="Resource\Animation\AnimationSequence2D.cpp">
      <Filter>02. Resource\05. Animation\01. 2D</Filter>
    </ClCompile>
    <ClCompile Include="Animation\Animation2D.cpp">
      <Filter>08. Animation\01. 2D</Filter>
    </ClCompile>
    <ClCompile Include="Animation\Animation2DData.cpp">
      <Filter>08. Animation\01. 2D</Filter>
    </ClCompile>
    <ClCompile Include="Resource\Shader\Animation2DConstantBuffer.cpp">
      <Filter>02. Resource\02. Shader\03. ConstantBuffer\03. Animation2D</Filter>
    </ClCompile>
    <ClCompile Include="CollisionManager.cpp">
      <Filter>01. Manager\08. Collision</Filter>
    </ClCompile>
    <ClCompile Include="Component\Collider.cpp">
      <Filter>05. Component\01. SceneComponent\04. Collider</Filter>
    </ClCompile>
    <ClCompile Include="Component\Collider3D.cpp">
      <Filter>05. Component\01. SceneComponent\04. Collider\02 3D</Filter>
    </ClCompile>
    <ClCompile Include="Component\Collider2D.cpp">
      <Filter>05. Component\01. SceneComponent\04. Collider\01. 2D</Filter>
    </ClCompile>
    <ClCompile Include="Component\ColliderBox2D.cpp">
      <Filter>05. Component\01. SceneComponent\04. Collider\01. 2D</Filter>
    </ClCompile>
    <ClCompile Include="Component\ColliderOBB2D.cpp">
      <Filter>05. Component\01. SceneComponent\04. Collider\01. 2D</Filter>
    </ClCompile>
    <ClCompile Include="Component\ColliderPixel.cpp">
      <Filter>05. Component\01. SceneComponent\04. Collider\01. 2D</Filter>
    </ClCompile>
    <ClCompile Include="Component\ColliderSphere2D.cpp">
      <Filter>05. Component\01. SceneComponent\04. Collider\01. 2D</Filter>
    </ClCompile>
    <ClCompile Include="Scene\SceneCollision.cpp">
      <Filter>03. Scene\04. Collision</Filter>
    </ClCompile>
    <ClCompile Include="Scene\CollisionSection2D.cpp">
      <Filter>03. Scene\04. Collision</Filter>
    </ClCompile>
    <ClCompile Include="Scene\CollisionSection3D.cpp">
      <Filter>03. Scene\04. Collision</Filter>
    </ClCompile>
    <ClCompile Include="Resource\Shader\ColliderShader.cpp">
      <Filter>02. Resource\02. Shader\02. ShaderClass\02. Collider</Filter>
    </ClCompile>
    <ClCompile Include="Resource\Shader\ColliderConstantBuffer.cpp">
      <Filter>02. Resource\02. Shader\03. ConstantBuffer\04. Collider</Filter>
    </ClCompile>
    <ClCompile Include="Resource\Shader\ColliderImageShader.cpp">
      <Filter>02. Resource\02. Shader\02. ShaderClass\02. Collider</Filter>
    </ClCompile>
    <ClCompile Include="UI\UIWindow.cpp">
      <Filter>09. UI\01. Window</Filter>
    </ClCompile>
    <ClCompile Include="Scene\SceneViewport.cpp">
      <Filter>03. Scene\05. Viewport</Filter>
    </ClCompile>
    <ClCompile Include="UI\UIWidget.cpp">
      <Filter>09. UI\02. Widget</Filter>
    </ClCompile>
    <ClCompile Include="UI\UIButton.cpp">
      <Filter>09. UI\02. Widget</Filter>
    </ClCompile>
    <ClCompile Include="Resource\Shader\UIShader.cpp">
      <Filter>02. Resource\02. Shader\02. ShaderClass\03. UI</Filter>
    </ClCompile>
    <ClCompile Include="Resource\Shader\UIConstantBuffer.cpp">
      <Filter>02. Resource\02. Shader\03. ConstantBuffer\05. UI</Filter>
    </ClCompile>
    <ClCompile Include="Resource\Sound\SoundManager.cpp">
      <Filter>02. Resource\06. Sound</Filter>
    </ClCompile>
    <ClCompile Include="Resource\Sound\Sound.cpp">
      <Filter>02. Resource\06. Sound</Filter>
    </ClCompile>
    <ClCompile Include="UI\UIImage.cpp">
      <Filter>09. UI\02. Widget</Filter>
    </ClCompile>
    <ClCompile Include="EngineSetting.cpp">
      <Filter>01. Manager\09. Setting</Filter>
    </ClCompile>
    <ClCompile Include="Resource\Font\FontManager.cpp">
      <Filter>02. Resource\07. Font</Filter>
    </ClCompile>
    <ClCompile Include="Resource\Font\Font.cpp">
      <Filter>02. Resource\07. Font</Filter>
    </ClCompile>
    <ClCompile Include="Resource\Font\FontCollection.cpp">
      <Filter>02. Resource\07. Font</Filter>
    </ClCompile>
    <ClCompile Include="UI\UIText.cpp">
      <Filter>09. UI\02. Widget</Filter>
    </ClCompile>
    <ClCompile Include="UI\UIProgressBar.cpp">
      <Filter>09. UI\02. Widget</Filter>
    </ClCompile>
    <ClCompile Include="Resource\Shader\UIProgressBarShader.cpp">
      <Filter>02. Resource\02. Shader\02. ShaderClass\03. UI</Filter>
    </ClCompile>
    <ClCompile Include="Resource\Shader\UIProgressBarConstantBuffer.cpp">
      <Filter>02. Resource\02. Shader\03. ConstantBuffer\05. UI</Filter>
    </ClCompile>
    <ClCompile Include="UI\UINumber.cpp">
      <Filter>09. UI\02. Widget</Filter>
    </ClCompile>
    <ClCompile Include="Editor\EditorGroup.cpp">
      <Filter>07. Editor\03. Widget</Filter>
    </ClCompile>
    <ClCompile Include="Editor\EditorCheckBox.cpp">
      <Filter>07. Editor\03. Widget</Filter>
    </ClCompile>
    <ClCompile Include="Thread\Thread.cpp">
      <Filter>01. Manager\10. Thread</Filter>
    </ClCompile>
    <ClCompile Include="Thread\ThreadManager.cpp">
      <Filter>01. Manager\10. Thread</Filter>
    </ClCompile>
    <ClCompile Include="Thread\DataStream.cpp">
      <Filter>01. Manager\10. Thread</Filter>
    </ClCompile>
    <ClCompile Include="Thread\ThreadQueue.cpp">
      <Filter>01. Manager\10. Thread</Filter>
    </ClCompile>
    <ClCompile Include="Component\SpriteComponent.cpp">
      <Filter>05. Component\01. SceneComponent\01. Primitive\01. 2D</Filter>
    </ClCompile>
    <ClCompile Include="Component\TileMapComponent.cpp">
      <Filter>05. Component\01. SceneComponent\01. Primitive\01. 2D</Filter>
    </ClCompile>
    <ClCompile Include="Component\Tile.cpp">
      <Filter>05. Component\01. SceneComponent\01. Primitive\01. 2D</Filter>
    </ClCompile>
    <ClCompile Include="Resource\Shader\TileMapConstantBuffer.cpp">
      <Filter>02. Resource\02. Shader\03. ConstantBuffer\06. TileMap</Filter>
    </ClCompile>
    <ClCompile Include="Resource\Shader\TileMapShader.cpp">
      <Filter>02. Resource\02. Shader\02. ShaderClass\04. TileMap</Filter>
    </ClCompile>
    <ClCompile Include="Resource\Shader\StructuredBuffer.cpp">
      <Filter>02. Resource\02. Shader\04. StructuredBuffer</Filter>
    </ClCompile>
    <ClCompile Include="Resource\Shader\TileMapBackShader.cpp">
      <Filter>02. Resource\02. Shader\02. ShaderClass\04. TileMap</Filter>
    </ClCompile>
    <ClCompile Include="Component\NavigationAgent.cpp">
      <Filter>05. Component\02. ObjectComponent\01. NavAgent</Filter>
    </ClCompile>
    <ClCompile Include="Thread\LoadingThread.cpp">
      <Filter>01. Manager\10. Thread\01. Loading</Filter>
    </ClCompile>
    <ClCompile Include="Thread\Navigation.cpp">
      <Filter>01. Manager\10. Thread\02. Navigation</Filter>
    </ClCompile>
    <ClCompile Include="Thread\NavigationThread.cpp">
      <Filter>01. Manager\10. Thread\02. Navigation</Filter>
    </ClCompile>
    <ClCompile Include="Scene\NavigationManager.cpp">
      <Filter>03. Scene\06. Navigation</Filter>
    </ClCompile>
    <ClCompile Include="Resource\Mesh\AnimationMesh.cpp">
      <Filter>02. Resource\01. Mesh</Filter>
    </ClCompile>
    <ClCompile Include="Resource\Mesh\StaticMesh.cpp">
      <Filter>02. Resource\01. Mesh</Filter>
    </ClCompile>
    <ClCompile Include="Resource\Mesh\FBXLoader.cpp">
      <Filter>02. Resource\01. Mesh</Filter>
    </ClCompile>
    <ClCompile Include="Component\AnimationMeshComponent.cpp">
      <Filter>05. Component\01. SceneComponent\01. Primitive\02. 3D</Filter>
    </ClCompile>
    <ClCompile Include="Component\StaticMeshComponent.cpp">
      <Filter>05. Component\01. SceneComponent\01. Primitive\02. 3D</Filter>
    </ClCompile>
    <ClCompile Include="Resource\Shader\MeshShader.cpp">
      <Filter>02. Resource\02. Shader\02. ShaderClass\06. Mesh</Filter>
    </ClCompile>
    <ClCompile Include="Resource\Texture\RenderTarget.cpp">
      <Filter>02. Resource\03. Texture</Filter>
    </ClCompile>
    <ClCompile Include="Resource\Shader\DebugShader.cpp">
      <Filter>02. Resource\02. Shader\02. ShaderClass\07. Debug</Filter>
    </ClCompile>
    <ClCompile Include="Resource\Shader\GlobalConstantBuffer.cpp">
      <Filter>02. Resource\02. Shader\03. ConstantBuffer\07. Global</Filter>
    </ClCompile>
    <ClCompile Include="Component\LightComponent.cpp">
      <Filter>05. Component\01. SceneComponent\05. Light</Filter>
    </ClCompile>
    <ClCompile Include="Resource\Shader\LightConstantBuffer.cpp">
      <Filter>02. Resource\02. Shader\03. ConstantBuffer\08. Light</Filter>
    </ClCompile>
    <ClCompile Include="Scene\LightManager.cpp">
      <Filter>03. Scene\07. Light</Filter>
    </ClCompile>
    <ClCompile Include="Resource\Shader\LightAccShader.cpp">
      <Filter>02. Resource\02. Shader\02. ShaderClass\08. Light</Filter>
    </ClCompile>
    <ClCompile Include="Resource\Shader\ScreenShader.cpp">
      <Filter>02. Resource\02. Shader\02. ShaderClass\09. Screen</Filter>
    </ClCompile>
    <ClCompile Include="Resource\Shader\DeferredRenderShader.cpp">
      <Filter>02. Resource\02. Shader\02. ShaderClass\10. Deferred</Filter>
    </ClCompile>
    <ClCompile Include="Resource\Animation\AnimationSequence.cpp">
      <Filter>02. Resource\05. Animation\02. 3D</Filter>
    </ClCompile>
    <ClCompile Include="Resource\Animation\Skeleton.cpp">
      <Filter>02. Resource\05. Animation\02. 3D</Filter>
    </ClCompile>
    <ClCompile Include="Animation\AnimationData.cpp">
      <Filter>08. Animation\02. 3D</Filter>
    </ClCompile>
    <ClCompile Include="Animation\Animation.cpp">
      <Filter>08. Animation\02. 3D</Filter>
    </ClCompile>
    <ClCompile Include="Resource\Shader\AnimationUpdateConstantBuffer.cpp">
      <Filter>02. Resource\02. Shader\03. ConstantBuffer\09. Animation3D</Filter>
    </ClCompile>
    <ClCompile Include="Resource\Shader\AnimationUpdateShader.cpp">
      <Filter>02. Resource\02. Shader\02. ShaderClass\11 Animation</Filter>
    </ClCompile>
    <ClCompile Include="Render\RenderInstancing.cpp">
      <Filter>06. Render\02. Instancing</Filter>
    </ClCompile>
    <ClCompile Include="Resource\Shader\MeshInstancingShader.cpp">
      <Filter>02. Resource\02. Shader\02. ShaderClass\06. Mesh</Filter>
    </ClCompile>
    <ClCompile Include="Resource\Shader\InstancingConstantBuffer.cpp">
      <Filter>02. Resource\02. Shader\03. ConstantBuffer\10. Instancing</Filter>
    </ClCompile>
    <ClCompile Include="Resource\Animation\SkeletonSocket.cpp">
      <Filter>02. Resource\05. Animation\02. 3D</Filter>
    </ClCompile>
    <ClCompile Include="GameObject\SkySphere.cpp">
      <Filter>04. GameObject</Filter>
    </ClCompile>
    <ClCompile Include="Component\TerrainComponent.cpp">
      <Filter>05. Component\01. SceneComponent\01. Primitive\02. 3D</Filter>
    </ClCompile>
    <ClCompile Include="Render\RasterizerState.cpp">
      <Filter>06. Render\01. RenderState</Filter>
    </ClCompile>
    <ClCompile Include="Resource\Shader\SkyShader.cpp">
      <Filter>02. Resource\02. Shader\02. ShaderClass\12. Sky</Filter>
    </ClCompile>
    <ClCompile Include="Resource\Shader\TerrainShader.cpp">
      <Filter>02. Resource\02. Shader\02. ShaderClass\13. Terrain</Filter>
    </ClCompile>
    <ClCompile Include="Resource\Shader\TerrainConstantBuffer.cpp">
      <Filter>02. Resource\02. Shader\03. ConstantBuffer\11. Terrain</Filter>
    </ClCompile>
    <ClCompile Include="Editor\EditorSlider.cpp">
      <Filter>07. Editor\03. Widget</Filter>
    </ClCompile>
    <ClCompile Include="Editor\EditorSliderSingle.cpp">
      <Filter>07. Editor\03. Widget</Filter>
    </ClCompile>
    <ClCompile Include="Editor\EditorCursorPos.cpp">
      <Filter>07. Editor\03. Widget</Filter>
    </ClCompile>
    <ClCompile Include="Component\RigidBody.cpp">
      <Filter>05. Component\01. SceneComponent\06. RigidBody</Filter>
    </ClCompile>
  </ItemGroup>
  <ItemGroup>
    <FxCompile Include="..\Bin\Shader\Share.fx">
      <Filter>02. Resource\02. Shader\01. HLSL</Filter>
    </FxCompile>
    <FxCompile Include="..\Bin\Shader\Sprite.fx">
      <Filter>02. Resource\02. Shader\01. HLSL</Filter>
    </FxCompile>
    <FxCompile Include="..\Bin\Shader\Collider.fx">
      <Filter>02. Resource\02. Shader\01. HLSL</Filter>
    </FxCompile>
    <FxCompile Include="..\Bin\Shader\UI.fx">
      <Filter>02. Resource\02. Shader\01. HLSL</Filter>
    </FxCompile>
    <FxCompile Include="..\Bin\Shader\TileMap.fx">
      <Filter>02. Resource\02. Shader\01. HLSL</Filter>
    </FxCompile>
    <FxCompile Include="..\Bin\Shader\Mesh.fx">
      <Filter>02. Resource\02. Shader\01. HLSL</Filter>
    </FxCompile>
    <FxCompile Include="..\Bin\Shader\Debug.fx">
      <Filter>02. Resource\02. Shader\01. HLSL</Filter>
    </FxCompile>
    <FxCompile Include="..\Bin\Shader\Light.fx">
      <Filter>02. Resource\02. Shader\01. HLSL</Filter>
    </FxCompile>
    <FxCompile Include="..\Bin\Shader\AnimationUpdate.fx">
      <Filter>02. Resource\02. Shader\01. HLSL</Filter>
    </FxCompile>
    <FxCompile Include="..\Bin\Shader\Sky.fx">
      <Filter>02. Resource\02. Shader\01. HLSL</Filter>
    </FxCompile>
    <FxCompile Include="..\Bin\Shader\Terrain.fx">
      <Filter>02. Resource\02. Shader\01. HLSL</Filter>
    </FxCompile>
  </ItemGroup>
  <ItemGroup>
    <None Include="Resource\Texture\DirectXTex.inl">
      <Filter>02. Resource\03. Texture</Filter>
    </None>
    <None Include="fmod_dsp.cs">
      <Filter>02. Resource\06. Sound\01. FMOD</Filter>
    </None>
    <None Include="fmod_errors.cs">
      <Filter>02. Resource\06. Sound\01. FMOD</Filter>
    </None>
    <None Include="fmod.cs">
      <Filter>02. Resource\06. Sound\01. FMOD</Filter>
    </None>
  </ItemGroup>
</Project>